
Microsoft Visual Studio Solution File, Format Version 12.00
# Visual Studio Version 17
VisualStudioVersion = 17.13.35919.96
MinimumVisualStudioVersion = 10.0.40219.1
Project("{2150E333-8FDC-42A3-9474-1A3956D46DE8}") = "src", "src", "{36D591C7-65C7-A0D1-1CBC-10CDE441BDC8}"
EndProject
Project("{2150E333-8FDC-42A3-9474-1A3956D46DE8}") = "tests", "tests", "{1A39890D-FF75-49A6-AEB8-047A8D8A4996}"
EndProject
Project("{FAE04EC0-301F-11D3-BF4B-00C04F79EFBC}") = "Viridisca.Api", "src\API\Viridisca.Api\Viridisca.Api.csproj", "{9FBFF5B5-5600-4A25-9BA8-AB4FCFB9F9A0}"
EndProject
Project("{2150E333-8FDC-42A3-9474-1A3956D46DE8}") = "API", "API", "{762665ED-3A66-4546-AC19-C16D8B1852A6}"
EndProject
Project("{2150E333-8FDC-42A3-9474-1A3956D46DE8}") = "Modules", "Modules", "{17202BA9-3ABE-4C4C-87C8-D212BF962728}"
EndProject
Project("{2150E333-8FDC-42A3-9474-1A3956D46DE8}") = "Common", "Common", "{75E1D020-07AE-41FF-9CB1-418FAB9FDF87}"
EndProject
Project("{FAE04EC0-301F-11D3-BF4B-00C04F79EFBC}") = "Viridisca.Common.Application", "src\Common\Viridisca.Common.Application\Viridisca.Common.Application.csproj", "{546B83D8-DBF4-4887-A0C6-D702A9F7904F}"
EndProject
Project("{FAE04EC0-301F-11D3-BF4B-00C04F79EFBC}") = "Viridisca.Common.Domain", "src\Common\Viridisca.Common.Domain\Viridisca.Common.Domain.csproj", "{7B007288-48FF-4D6B-AD5F-A424E42E25D5}"
EndProject
Project("{2150E333-8FDC-42A3-9474-1A3956D46DE8}") = "Элементы решения", "Элементы решения", "{754FC069-D67B-A9D7-50A1-8D1CA196D8F1}"
	ProjectSection(SolutionItems) = preProject
		.editorconfig.txt = .editorconfig.txt
		Directory.Build.props = Directory.Build.props
	EndProjectSection
EndProject
Project("{E53339B2-1760-4266-BCC7-CA923CBCF16C}") = "docker-compose", "docker-compose.dcproj", "{81DDED9D-158B-E303-5F62-77A2896D2A5A}"
EndProject
Project("{FAE04EC0-301F-11D3-BF4B-00C04F79EFBC}") = "Viridisca.Common.Infrastructure", "src\Common\Viridisca.Common.Infrastructure\Viridisca.Common.Infrastructure.csproj", "{E2390128-8E28-2D10-6CA7-BA26A9F339C6}"
EndProject
Project("{FAE04EC0-301F-11D3-BF4B-00C04F79EFBC}") = "Viridisca.Common.Presentation", "src\Common\Viridisca.Common.Presentation\Viridisca.Common.Presentation.csproj", "{9702771C-52F6-93A9-010C-344096BA037B}"
EndProject
Project("{2150E333-8FDC-42A3-9474-1A3956D46DE8}") = "Scheduler", "Scheduler", "{2AC32C92-38B5-4078-909D-2C8C9FCCF0A8}"
EndProject
Project("{2150E333-8FDC-42A3-9474-1A3956D46DE8}") = "Notifications", "Notifications", "{C552A141-8AE0-4376-8E37-3E1D78467E4D}"
EndProject
Project("{2150E333-8FDC-42A3-9474-1A3956D46DE8}") = "Identity", "Identity", "{FFF6A2EA-27B5-4475-8796-7FE7624C838D}"
EndProject
Project("{2150E333-8FDC-42A3-9474-1A3956D46DE8}") = "Grading", "Grading", "{78B25EBE-0EE1-41E0-9BAB-DEDC9D33E538}"
EndProject
Project("{2150E333-8FDC-42A3-9474-1A3956D46DE8}") = "Finance", "Finance", "{456157F3-653B-4213-AC21-226E9165DF40}"
EndProject
Project("{2150E333-8FDC-42A3-9474-1A3956D46DE8}") = "Curriculum", "Curriculum", "{868002E5-BAFB-4ECD-8A13-01E5AD6B7F78}"
EndProject
Project("{2150E333-8FDC-42A3-9474-1A3956D46DE8}") = "Communication", "Communication", "{32605350-0D0B-491E-ADC6-C1ECE4053F21}"
EndProject
Project("{2150E333-8FDC-42A3-9474-1A3956D46DE8}") = "Academic", "Academic", "{6216919F-D5BA-44CF-A7BA-F318641DE7B1}"
EndProject
Project("{2150E333-8FDC-42A3-9474-1A3956D46DE8}") = "Analytics", "Analytics", "{23E049E3-6948-4F62-AFCC-BFD5EC114315}"
EndProject
Project("{2150E333-8FDC-42A3-9474-1A3956D46DE8}") = "Attendance", "Attendance", "{016AC896-613F-403B-920B-2C8CFAF4776D}"
EndProject
Project("{FAE04EC0-301F-11D3-BF4B-00C04F79EFBC}") = "Viridisca.Modules.Academic.Application", "src\Modules\Academic\Viridisca.Modules.Academic.Application\Viridisca.Modules.Academic.Application.csproj", "{5320A540-7DC7-4F1A-9C68-F6182B5EEB0B}"
EndProject
Project("{FAE04EC0-301F-11D3-BF4B-00C04F79EFBC}") = "Viridisca.Modules.Academic.Domain", "src\Modules\Academic\Viridisca.Modules.Academic.Domain\Viridisca.Modules.Academic.Domain.csproj", "{F6A8AE0C-D682-4A8A-A953-ECD2E658B2CF}"
EndProject
Project("{FAE04EC0-301F-11D3-BF4B-00C04F79EFBC}") = "Viridisca.Modules.Academic.Infrastructure", "src\Modules\Academic\Viridisca.Modules.Academic.Infrastructure\Viridisca.Modules.Academic.Infrastructure.csproj", "{D47FD3C8-D1FC-4525-9405-7F35B8EE1B8A}"
EndProject
Project("{FAE04EC0-301F-11D3-BF4B-00C04F79EFBC}") = "Viridisca.Modules.Academic.Presentation", "src\Modules\Academic\Viridisca.Modules.Academic.Presentation\Viridisca.Modules.Academic.Presentation.csproj", "{986C9D90-4E8B-4380-ABE3-7E29467A236B}"
EndProject
Project("{FAE04EC0-301F-11D3-BF4B-00C04F79EFBC}") = "Viridisca.Modules.Analytics.Application", "src\Modules\Analytics\Viridisca.Modules.Analytics.Application\Viridisca.Modules.Analytics.Application.csproj", "{1B5A4BF5-F211-40E3-A827-CCAD17193DAA}"
EndProject
Project("{FAE04EC0-301F-11D3-BF4B-00C04F79EFBC}") = "Viridisca.Modules.Analytics.Domain", "src\Modules\Analytics\Viridisca.Modules.Analytics.Domain\Viridisca.Modules.Analytics.Domain.csproj", "{AAC16871-8E32-431C-AA59-3ED42002D245}"
EndProject
Project("{FAE04EC0-301F-11D3-BF4B-00C04F79EFBC}") = "Viridisca.Modules.Analytics.Infrastructure", "src\Modules\Analytics\Viridisca.Modules.Analytics.Infrastructure\Viridisca.Modules.Analytics.Infrastructure.csproj", "{45444315-B7F2-4ECC-8CE4-143596BB2D49}"
EndProject
Project("{FAE04EC0-301F-11D3-BF4B-00C04F79EFBC}") = "Viridisca.Modules.Analytics.Presentation", "src\Modules\Analytics\Viridisca.Modules.Analytics.Presentation\Viridisca.Modules.Analytics.Presentation.csproj", "{4783660C-345B-4781-9C17-7C37EF5DFF74}"
EndProject
Project("{FAE04EC0-301F-11D3-BF4B-00C04F79EFBC}") = "Viridisca.Modules.Attendance.Application", "src\Modules\Attendance\Viridisca.Modules.Attendance.Application\Viridisca.Modules.Attendance.Application.csproj", "{CDD888BD-9331-44E0-AA3F-A68765F01CFB}"
EndProject
Project("{FAE04EC0-301F-11D3-BF4B-00C04F79EFBC}") = "Viridisca.Modules.Attendance.Domain", "src\Modules\Attendance\Viridisca.Modules.Attendance.Domain\Viridisca.Modules.Attendance.Domain.csproj", "{A3305F42-1A7F-4763-9408-6E84BDE03EBF}"
EndProject
Project("{FAE04EC0-301F-11D3-BF4B-00C04F79EFBC}") = "Viridisca.Modules.Attendance.Infrastructure", "src\Modules\Attendance\Viridisca.Modules.Attendance.Infrastructure\Viridisca.Modules.Attendance.Infrastructure.csproj", "{4E79C8BE-7EE7-4704-9353-CF9F00C4000E}"
EndProject
Project("{FAE04EC0-301F-11D3-BF4B-00C04F79EFBC}") = "Viridisca.Modules.Attendance.Presentation", "src\Modules\Attendance\Viridisca.Modules.Attendance.Presentation\Viridisca.Modules.Attendance.Presentation.csproj", "{F200AC78-52D0-4887-9C2B-DB6571B4FFC0}"
EndProject
Project("{FAE04EC0-301F-11D3-BF4B-00C04F79EFBC}") = "Viridisca.Modules.Communication.Application", "src\Modules\Communication\Viridisca.Modules.Communication.Application\Viridisca.Modules.Communication.Application.csproj", "{0989B2A0-1A4D-46D6-BA97-8E488864B547}"
EndProject
Project("{FAE04EC0-301F-11D3-BF4B-00C04F79EFBC}") = "Viridisca.Modules.Communication.Domain", "src\Modules\Communication\Viridisca.Modules.Communication.Domain\Viridisca.Modules.Communication.Domain.csproj", "{E943437A-A567-4352-82EE-5B3D2C475A50}"
EndProject
Project("{FAE04EC0-301F-11D3-BF4B-00C04F79EFBC}") = "Viridisca.Modules.Communication.Infrastructure", "src\Modules\Communication\Viridisca.Modules.Communication.Infrastructure\Viridisca.Modules.Communication.Infrastructure.csproj", "{A25B9DEF-7550-477F-ACE2-572CF0586AA7}"
EndProject
Project("{FAE04EC0-301F-11D3-BF4B-00C04F79EFBC}") = "Viridisca.Modules.Communication.Presentation", "src\Modules\Communication\Viridisca.Modules.Communication.Presentation\Viridisca.Modules.Communication.Presentation.csproj", "{2843159C-4D62-4BE3-9397-BDB635C92230}"
EndProject
Project("{FAE04EC0-301F-11D3-BF4B-00C04F79EFBC}") = "Viridisca.Modules.Curriculum.Application", "src\Modules\Curriculum\Viridisca.Modules.Curriculum.Application\Viridisca.Modules.Curriculum.Application.csproj", "{4B97581C-98AC-4CD6-982C-8BB921B10DE3}"
EndProject
Project("{FAE04EC0-301F-11D3-BF4B-00C04F79EFBC}") = "Viridisca.Modules.Curriculum.Domain", "src\Modules\Curriculum\Viridisca.Modules.Curriculum.Domain\Viridisca.Modules.Curriculum.Domain.csproj", "{6D519DA6-A10B-40C3-B3AD-AF87D3E7F002}"
EndProject
Project("{FAE04EC0-301F-11D3-BF4B-00C04F79EFBC}") = "Viridisca.Modules.Curriculum.Infrastructure", "src\Modules\Curriculum\Viridisca.Modules.Curriculum.Infrastructure\Viridisca.Modules.Curriculum.Infrastructure.csproj", "{8AC64002-BF2F-4DC8-8869-118ED5DC75E3}"
EndProject
Project("{FAE04EC0-301F-11D3-BF4B-00C04F79EFBC}") = "Viridisca.Modules.Curriculum.Presentation", "src\Modules\Curriculum\Viridisca.Modules.Curriculum.Presentation\Viridisca.Modules.Curriculum.Presentation.csproj", "{A574D464-BF45-4185-A5E5-614889CF66E7}"
EndProject
Project("{FAE04EC0-301F-11D3-BF4B-00C04F79EFBC}") = "Viridisca.Modules.Finance.Application", "src\Modules\Finance\Viridisca.Modules.Finance.Application\Viridisca.Modules.Finance.Application.csproj", "{9FF47C9B-747E-4585-9245-ABE355D48019}"
EndProject
Project("{FAE04EC0-301F-11D3-BF4B-00C04F79EFBC}") = "Viridisca.Modules.Finance.Domain", "src\Modules\Finance\Viridisca.Modules.Finance.Domain\Viridisca.Modules.Finance.Domain.csproj", "{317D236A-1BA6-4C35-B4AD-D0E3CE61C148}"
EndProject
Project("{FAE04EC0-301F-11D3-BF4B-00C04F79EFBC}") = "Viridisca.Modules.Finance.Infrastructure", "src\Modules\Finance\Viridisca.Modules.Finance.Infrastructure\Viridisca.Modules.Finance.Infrastructure.csproj", "{86C9A88C-8213-4704-BB17-E33EA302B226}"
EndProject
Project("{FAE04EC0-301F-11D3-BF4B-00C04F79EFBC}") = "Viridisca.Modules.Finance.Presentation", "src\Modules\Finance\Viridisca.Modules.Finance.Presentation\Viridisca.Modules.Finance.Presentation.csproj", "{469372BF-E68A-4CF5-BBE2-164B9BFD1F55}"
EndProject
Project("{FAE04EC0-301F-11D3-BF4B-00C04F79EFBC}") = "Viridisca.Modules.Grading.Application", "src\Modules\Grading\Viridisca.Modules.Grading.Application\Viridisca.Modules.Grading.Application.csproj", "{F8E8F523-1AE5-406A-A801-B476CA3E86B2}"
EndProject
Project("{FAE04EC0-301F-11D3-BF4B-00C04F79EFBC}") = "Viridisca.Modules.Grading.Domain", "src\Modules\Grading\Viridisca.Modules.Grading.Domain\Viridisca.Modules.Grading.Domain.csproj", "{19F8658B-44C8-4637-B078-B8151F223A9E}"
EndProject
Project("{FAE04EC0-301F-11D3-BF4B-00C04F79EFBC}") = "Viridisca.Modules.Grading.Infrastructure", "src\Modules\Grading\Viridisca.Modules.Grading.Infrastructure\Viridisca.Modules.Grading.Infrastructure.csproj", "{4F2EEFC9-F470-4260-958E-0DAC6990BB94}"
EndProject
Project("{FAE04EC0-301F-11D3-BF4B-00C04F79EFBC}") = "Viridisca.Modules.Grading.Presentation", "src\Modules\Grading\Viridisca.Modules.Grading.Presentation\Viridisca.Modules.Grading.Presentation.csproj", "{8D0841FF-EF76-407B-B5F4-D99D9EE60EC2}"
EndProject
Project("{FAE04EC0-301F-11D3-BF4B-00C04F79EFBC}") = "Viridisca.Modules.Identity.Application", "src\Modules\Identity\Viridisca.Modules.Identity.Application\Viridisca.Modules.Identity.Application.csproj", "{EB762964-788A-4187-8C28-7E2996F71782}"
EndProject
Project("{FAE04EC0-301F-11D3-BF4B-00C04F79EFBC}") = "Viridisca.Modules.Identity.Domain", "src\Modules\Identity\Viridisca.Modules.Identity.Domain\Viridisca.Modules.Identity.Domain.csproj", "{82317027-3C3C-40FC-AACE-8C3F6E6F030E}"
EndProject
Project("{FAE04EC0-301F-11D3-BF4B-00C04F79EFBC}") = "Viridisca.Modules.Identity.Infrastructure", "src\Modules\Identity\Viridisca.Modules.Identity.Infrastructure\Viridisca.Modules.Identity.Infrastructure.csproj", "{0C97A2B3-E8CE-4214-80BD-53B4E55A132A}"
EndProject
Project("{FAE04EC0-301F-11D3-BF4B-00C04F79EFBC}") = "Viridisca.Modules.Identity.Presentation", "src\Modules\Identity\Viridisca.Modules.Identity.Presentation\Viridisca.Modules.Identity.Presentation.csproj", "{F3697C30-972C-4E93-A392-3CCEBE59F6F1}"
EndProject
Project("{FAE04EC0-301F-11D3-BF4B-00C04F79EFBC}") = "Viridisca.Modules.Notifications.Application", "src\Modules\Notifications\Viridisca.Modules.Notifications.Application\Viridisca.Modules.Notifications.Application.csproj", "{71443A5E-7288-4A3B-A887-A4F65F8FE932}"
EndProject
Project("{FAE04EC0-301F-11D3-BF4B-00C04F79EFBC}") = "Viridisca.Modules.Notifications.Domain", "src\Modules\Notifications\Viridisca.Modules.Notifications.Domain\Viridisca.Modules.Notifications.Domain.csproj", "{A367999C-D770-4265-B09A-7BD568C492FD}"
EndProject
Project("{FAE04EC0-301F-11D3-BF4B-00C04F79EFBC}") = "Viridisca.Modules.Notifications.Infrastructure", "src\Modules\Notifications\Viridisca.Modules.Notifications.Infrastructure\Viridisca.Modules.Notifications.Infrastructure.csproj", "{CA3095F0-EBCB-4069-9393-E90F4E5D1922}"
EndProject
Project("{FAE04EC0-301F-11D3-BF4B-00C04F79EFBC}") = "Viridisca.Modules.Notifications.Presentation", "src\Modules\Notifications\Viridisca.Modules.Notifications.Presentation\Viridisca.Modules.Notifications.Presentation.csproj", "{46B08D49-38EE-4641-9C51-13C0D2B5AE61}"
EndProject
Project("{FAE04EC0-301F-11D3-BF4B-00C04F79EFBC}") = "Viridisca.Modules.Scheduler.Application", "src\Modules\Scheduler\Viridisca.Modules.Scheduler.Application\Viridisca.Modules.Scheduler.Application.csproj", "{E7EFE513-1E25-497A-BA14-73939235B96A}"
EndProject
Project("{FAE04EC0-301F-11D3-BF4B-00C04F79EFBC}") = "Viridisca.Modules.Scheduler.Domain", "src\Modules\Scheduler\Viridisca.Modules.Scheduler.Domain\Viridisca.Modules.Scheduler.Domain.csproj", "{8F36DCCD-EE78-4196-ADE2-F0460D7F9426}"
EndProject
Project("{FAE04EC0-301F-11D3-BF4B-00C04F79EFBC}") = "Viridisca.Modules.Scheduler.Infrastructure", "src\Modules\Scheduler\Viridisca.Modules.Scheduler.Infrastructure\Viridisca.Modules.Scheduler.Infrastructure.csproj", "{A4CE2380-002F-45E9-8781-8F3DB9F501F3}"
EndProject
Project("{FAE04EC0-301F-11D3-BF4B-00C04F79EFBC}") = "Viridisca.Modules.Scheduler.Presentation", "src\Modules\Scheduler\Viridisca.Modules.Scheduler.Presentation\Viridisca.Modules.Scheduler.Presentation.csproj", "{A5FD8466-F640-464D-8686-466F1E27E793}"
EndProject
Project("{2150E333-8FDC-42A3-9474-1A3956D46DE8}") = "Modules", "Modules", "{795C77A2-A412-4A14-9F38-739D5A307DAA}"
EndProject
Project("{2150E333-8FDC-42A3-9474-1A3956D46DE8}") = "Grading", "Grading", "{39E78643-A6F6-4EAE-B4D0-B07419352941}"
EndProject
Project("{FAE04EC0-301F-11D3-BF4B-00C04F79EFBC}") = "Viridisca.Tests.Modules.Grading", "tests\Modules\Grading\Viridisca.Tests.Modules.Grading.csproj", "{D6D06EDA-ACA3-3EC9-4BF3-2FF40E7CA05D}"
EndProject
Global
	GlobalSection(SolutionConfigurationPlatforms) = preSolution
		Debug|Any CPU = Debug|Any CPU
		Debug|x64 = Debug|x64
		Debug|x86 = Debug|x86
		Release|Any CPU = Release|Any CPU
		Release|x64 = Release|x64
		Release|x86 = Release|x86
	EndGlobalSection
	GlobalSection(ProjectConfigurationPlatforms) = postSolution
		{9FBFF5B5-5600-4A25-9BA8-AB4FCFB9F9A0}.Debug|Any CPU.ActiveCfg = Debug|Any CPU
		{9FBFF5B5-5600-4A25-9BA8-AB4FCFB9F9A0}.Debug|Any CPU.Build.0 = Debug|Any CPU
		{9FBFF5B5-5600-4A25-9BA8-AB4FCFB9F9A0}.Debug|x64.ActiveCfg = Debug|Any CPU
		{9FBFF5B5-5600-4A25-9BA8-AB4FCFB9F9A0}.Debug|x64.Build.0 = Debug|Any CPU
		{9FBFF5B5-5600-4A25-9BA8-AB4FCFB9F9A0}.Debug|x86.ActiveCfg = Debug|Any CPU
		{9FBFF5B5-5600-4A25-9BA8-AB4FCFB9F9A0}.Debug|x86.Build.0 = Debug|Any CPU
		{9FBFF5B5-5600-4A25-9BA8-AB4FCFB9F9A0}.Release|Any CPU.ActiveCfg = Release|Any CPU
		{9FBFF5B5-5600-4A25-9BA8-AB4FCFB9F9A0}.Release|Any CPU.Build.0 = Release|Any CPU
		{9FBFF5B5-5600-4A25-9BA8-AB4FCFB9F9A0}.Release|x64.ActiveCfg = Release|Any CPU
		{9FBFF5B5-5600-4A25-9BA8-AB4FCFB9F9A0}.Release|x64.Build.0 = Release|Any CPU
		{9FBFF5B5-5600-4A25-9BA8-AB4FCFB9F9A0}.Release|x86.ActiveCfg = Release|Any CPU
		{9FBFF5B5-5600-4A25-9BA8-AB4FCFB9F9A0}.Release|x86.Build.0 = Release|Any CPU
		{546B83D8-DBF4-4887-A0C6-D702A9F7904F}.Debug|Any CPU.ActiveCfg = Debug|Any CPU
		{546B83D8-DBF4-4887-A0C6-D702A9F7904F}.Debug|Any CPU.Build.0 = Debug|Any CPU
		{546B83D8-DBF4-4887-A0C6-D702A9F7904F}.Debug|x64.ActiveCfg = Debug|Any CPU
		{546B83D8-DBF4-4887-A0C6-D702A9F7904F}.Debug|x64.Build.0 = Debug|Any CPU
		{546B83D8-DBF4-4887-A0C6-D702A9F7904F}.Debug|x86.ActiveCfg = Debug|Any CPU
		{546B83D8-DBF4-4887-A0C6-D702A9F7904F}.Debug|x86.Build.0 = Debug|Any CPU
		{546B83D8-DBF4-4887-A0C6-D702A9F7904F}.Release|Any CPU.ActiveCfg = Release|Any CPU
		{546B83D8-DBF4-4887-A0C6-D702A9F7904F}.Release|Any CPU.Build.0 = Release|Any CPU
		{546B83D8-DBF4-4887-A0C6-D702A9F7904F}.Release|x64.ActiveCfg = Release|Any CPU
		{546B83D8-DBF4-4887-A0C6-D702A9F7904F}.Release|x64.Build.0 = Release|Any CPU
		{546B83D8-DBF4-4887-A0C6-D702A9F7904F}.Release|x86.ActiveCfg = Release|Any CPU
		{546B83D8-DBF4-4887-A0C6-D702A9F7904F}.Release|x86.Build.0 = Release|Any CPU
		{7B007288-48FF-4D6B-AD5F-A424E42E25D5}.Debug|Any CPU.ActiveCfg = Debug|Any CPU
		{7B007288-48FF-4D6B-AD5F-A424E42E25D5}.Debug|Any CPU.Build.0 = Debug|Any CPU
		{7B007288-48FF-4D6B-AD5F-A424E42E25D5}.Debug|x64.ActiveCfg = Debug|Any CPU
		{7B007288-48FF-4D6B-AD5F-A424E42E25D5}.Debug|x64.Build.0 = Debug|Any CPU
		{7B007288-48FF-4D6B-AD5F-A424E42E25D5}.Debug|x86.ActiveCfg = Debug|Any CPU
		{7B007288-48FF-4D6B-AD5F-A424E42E25D5}.Debug|x86.Build.0 = Debug|Any CPU
		{7B007288-48FF-4D6B-AD5F-A424E42E25D5}.Release|Any CPU.ActiveCfg = Release|Any CPU
		{7B007288-48FF-4D6B-AD5F-A424E42E25D5}.Release|Any CPU.Build.0 = Release|Any CPU
		{7B007288-48FF-4D6B-AD5F-A424E42E25D5}.Release|x64.ActiveCfg = Release|Any CPU
		{7B007288-48FF-4D6B-AD5F-A424E42E25D5}.Release|x64.Build.0 = Release|Any CPU
		{7B007288-48FF-4D6B-AD5F-A424E42E25D5}.Release|x86.ActiveCfg = Release|Any CPU
		{7B007288-48FF-4D6B-AD5F-A424E42E25D5}.Release|x86.Build.0 = Release|Any CPU
		{81DDED9D-158B-E303-5F62-77A2896D2A5A}.Debug|Any CPU.ActiveCfg = Debug|Any CPU
		{81DDED9D-158B-E303-5F62-77A2896D2A5A}.Debug|Any CPU.Build.0 = Debug|Any CPU
		{81DDED9D-158B-E303-5F62-77A2896D2A5A}.Debug|x64.ActiveCfg = Debug|x64
		{81DDED9D-158B-E303-5F62-77A2896D2A5A}.Debug|x86.ActiveCfg = Debug|x86
		{81DDED9D-158B-E303-5F62-77A2896D2A5A}.Release|Any CPU.ActiveCfg = Release|Any CPU
		{81DDED9D-158B-E303-5F62-77A2896D2A5A}.Release|Any CPU.Build.0 = Release|Any CPU
		{81DDED9D-158B-E303-5F62-77A2896D2A5A}.Release|x64.ActiveCfg = Release|x64
		{81DDED9D-158B-E303-5F62-77A2896D2A5A}.Release|x86.ActiveCfg = Release|x86
		{E2390128-8E28-2D10-6CA7-BA26A9F339C6}.Debug|Any CPU.ActiveCfg = Debug|Any CPU
		{E2390128-8E28-2D10-6CA7-BA26A9F339C6}.Debug|Any CPU.Build.0 = Debug|Any CPU
		{E2390128-8E28-2D10-6CA7-BA26A9F339C6}.Debug|x64.ActiveCfg = Debug|Any CPU
		{E2390128-8E28-2D10-6CA7-BA26A9F339C6}.Debug|x64.Build.0 = Debug|Any CPU
		{E2390128-8E28-2D10-6CA7-BA26A9F339C6}.Debug|x86.ActiveCfg = Debug|Any CPU
		{E2390128-8E28-2D10-6CA7-BA26A9F339C6}.Debug|x86.Build.0 = Debug|Any CPU
		{E2390128-8E28-2D10-6CA7-BA26A9F339C6}.Release|Any CPU.ActiveCfg = Release|Any CPU
		{E2390128-8E28-2D10-6CA7-BA26A9F339C6}.Release|Any CPU.Build.0 = Release|Any CPU
		{E2390128-8E28-2D10-6CA7-BA26A9F339C6}.Release|x64.ActiveCfg = Release|Any CPU
		{E2390128-8E28-2D10-6CA7-BA26A9F339C6}.Release|x64.Build.0 = Release|Any CPU
		{E2390128-8E28-2D10-6CA7-BA26A9F339C6}.Release|x86.ActiveCfg = Release|Any CPU
		{E2390128-8E28-2D10-6CA7-BA26A9F339C6}.Release|x86.Build.0 = Release|Any CPU
		{9702771C-52F6-93A9-010C-344096BA037B}.Debug|Any CPU.ActiveCfg = Debug|Any CPU
		{9702771C-52F6-93A9-010C-344096BA037B}.Debug|Any CPU.Build.0 = Debug|Any CPU
		{9702771C-52F6-93A9-010C-344096BA037B}.Debug|x64.ActiveCfg = Debug|Any CPU
		{9702771C-52F6-93A9-010C-344096BA037B}.Debug|x64.Build.0 = Debug|Any CPU
		{9702771C-52F6-93A9-010C-344096BA037B}.Debug|x86.ActiveCfg = Debug|Any CPU
		{9702771C-52F6-93A9-010C-344096BA037B}.Debug|x86.Build.0 = Debug|Any CPU
		{9702771C-52F6-93A9-010C-344096BA037B}.Release|Any CPU.ActiveCfg = Release|Any CPU
		{9702771C-52F6-93A9-010C-344096BA037B}.Release|Any CPU.Build.0 = Release|Any CPU
		{9702771C-52F6-93A9-010C-344096BA037B}.Release|x64.ActiveCfg = Release|Any CPU
		{9702771C-52F6-93A9-010C-344096BA037B}.Release|x64.Build.0 = Release|Any CPU
		{9702771C-52F6-93A9-010C-344096BA037B}.Release|x86.ActiveCfg = Release|Any CPU
		{9702771C-52F6-93A9-010C-344096BA037B}.Release|x86.Build.0 = Release|Any CPU
		{5320A540-7DC7-4F1A-9C68-F6182B5EEB0B}.Debug|Any CPU.ActiveCfg = Debug|Any CPU
		{5320A540-7DC7-4F1A-9C68-F6182B5EEB0B}.Debug|Any CPU.Build.0 = Debug|Any CPU
		{5320A540-7DC7-4F1A-9C68-F6182B5EEB0B}.Debug|x64.ActiveCfg = Debug|Any CPU
		{5320A540-7DC7-4F1A-9C68-F6182B5EEB0B}.Debug|x64.Build.0 = Debug|Any CPU
		{5320A540-7DC7-4F1A-9C68-F6182B5EEB0B}.Debug|x86.ActiveCfg = Debug|Any CPU
		{5320A540-7DC7-4F1A-9C68-F6182B5EEB0B}.Debug|x86.Build.0 = Debug|Any CPU
		{5320A540-7DC7-4F1A-9C68-F6182B5EEB0B}.Release|Any CPU.ActiveCfg = Release|Any CPU
		{5320A540-7DC7-4F1A-9C68-F6182B5EEB0B}.Release|Any CPU.Build.0 = Release|Any CPU
		{5320A540-7DC7-4F1A-9C68-F6182B5EEB0B}.Release|x64.ActiveCfg = Release|Any CPU
		{5320A540-7DC7-4F1A-9C68-F6182B5EEB0B}.Release|x64.Build.0 = Release|Any CPU
		{5320A540-7DC7-4F1A-9C68-F6182B5EEB0B}.Release|x86.ActiveCfg = Release|Any CPU
		{5320A540-7DC7-4F1A-9C68-F6182B5EEB0B}.Release|x86.Build.0 = Release|Any CPU
		{F6A8AE0C-D682-4A8A-A953-ECD2E658B2CF}.Debug|Any CPU.ActiveCfg = Debug|Any CPU
		{F6A8AE0C-D682-4A8A-A953-ECD2E658B2CF}.Debug|Any CPU.Build.0 = Debug|Any CPU
		{F6A8AE0C-D682-4A8A-A953-ECD2E658B2CF}.Debug|x64.ActiveCfg = Debug|Any CPU
		{F6A8AE0C-D682-4A8A-A953-ECD2E658B2CF}.Debug|x64.Build.0 = Debug|Any CPU
		{F6A8AE0C-D682-4A8A-A953-ECD2E658B2CF}.Debug|x86.ActiveCfg = Debug|Any CPU
		{F6A8AE0C-D682-4A8A-A953-ECD2E658B2CF}.Debug|x86.Build.0 = Debug|Any CPU
		{F6A8AE0C-D682-4A8A-A953-ECD2E658B2CF}.Release|Any CPU.ActiveCfg = Release|Any CPU
		{F6A8AE0C-D682-4A8A-A953-ECD2E658B2CF}.Release|Any CPU.Build.0 = Release|Any CPU
		{F6A8AE0C-D682-4A8A-A953-ECD2E658B2CF}.Release|x64.ActiveCfg = Release|Any CPU
		{F6A8AE0C-D682-4A8A-A953-ECD2E658B2CF}.Release|x64.Build.0 = Release|Any CPU
		{F6A8AE0C-D682-4A8A-A953-ECD2E658B2CF}.Release|x86.ActiveCfg = Release|Any CPU
		{F6A8AE0C-D682-4A8A-A953-ECD2E658B2CF}.Release|x86.Build.0 = Release|Any CPU
		{D47FD3C8-D1FC-4525-9405-7F35B8EE1B8A}.Debug|Any CPU.ActiveCfg = Debug|Any CPU
		{D47FD3C8-D1FC-4525-9405-7F35B8EE1B8A}.Debug|Any CPU.Build.0 = Debug|Any CPU
		{D47FD3C8-D1FC-4525-9405-7F35B8EE1B8A}.Debug|x64.ActiveCfg = Debug|Any CPU
		{D47FD3C8-D1FC-4525-9405-7F35B8EE1B8A}.Debug|x64.Build.0 = Debug|Any CPU
		{D47FD3C8-D1FC-4525-9405-7F35B8EE1B8A}.Debug|x86.ActiveCfg = Debug|Any CPU
		{D47FD3C8-D1FC-4525-9405-7F35B8EE1B8A}.Debug|x86.Build.0 = Debug|Any CPU
		{D47FD3C8-D1FC-4525-9405-7F35B8EE1B8A}.Release|Any CPU.ActiveCfg = Release|Any CPU
		{D47FD3C8-D1FC-4525-9405-7F35B8EE1B8A}.Release|Any CPU.Build.0 = Release|Any CPU
		{D47FD3C8-D1FC-4525-9405-7F35B8EE1B8A}.Release|x64.ActiveCfg = Release|Any CPU
		{D47FD3C8-D1FC-4525-9405-7F35B8EE1B8A}.Release|x64.Build.0 = Release|Any CPU
		{D47FD3C8-D1FC-4525-9405-7F35B8EE1B8A}.Release|x86.ActiveCfg = Release|Any CPU
		{D47FD3C8-D1FC-4525-9405-7F35B8EE1B8A}.Release|x86.Build.0 = Release|Any CPU
		{986C9D90-4E8B-4380-ABE3-7E29467A236B}.Debug|Any CPU.ActiveCfg = Debug|Any CPU
		{986C9D90-4E8B-4380-ABE3-7E29467A236B}.Debug|Any CPU.Build.0 = Debug|Any CPU
		{986C9D90-4E8B-4380-ABE3-7E29467A236B}.Debug|x64.ActiveCfg = Debug|Any CPU
		{986C9D90-4E8B-4380-ABE3-7E29467A236B}.Debug|x64.Build.0 = Debug|Any CPU
		{986C9D90-4E8B-4380-ABE3-7E29467A236B}.Debug|x86.ActiveCfg = Debug|Any CPU
		{986C9D90-4E8B-4380-ABE3-7E29467A236B}.Debug|x86.Build.0 = Debug|Any CPU
		{986C9D90-4E8B-4380-ABE3-7E29467A236B}.Release|Any CPU.ActiveCfg = Release|Any CPU
		{986C9D90-4E8B-4380-ABE3-7E29467A236B}.Release|Any CPU.Build.0 = Release|Any CPU
		{986C9D90-4E8B-4380-ABE3-7E29467A236B}.Release|x64.ActiveCfg = Release|Any CPU
		{986C9D90-4E8B-4380-ABE3-7E29467A236B}.Release|x64.Build.0 = Release|Any CPU
		{986C9D90-4E8B-4380-ABE3-7E29467A236B}.Release|x86.ActiveCfg = Release|Any CPU
		{986C9D90-4E8B-4380-ABE3-7E29467A236B}.Release|x86.Build.0 = Release|Any CPU
		{1B5A4BF5-F211-40E3-A827-CCAD17193DAA}.Debug|Any CPU.ActiveCfg = Debug|Any CPU
		{1B5A4BF5-F211-40E3-A827-CCAD17193DAA}.Debug|Any CPU.Build.0 = Debug|Any CPU
		{1B5A4BF5-F211-40E3-A827-CCAD17193DAA}.Debug|x64.ActiveCfg = Debug|Any CPU
		{1B5A4BF5-F211-40E3-A827-CCAD17193DAA}.Debug|x64.Build.0 = Debug|Any CPU
		{1B5A4BF5-F211-40E3-A827-CCAD17193DAA}.Debug|x86.ActiveCfg = Debug|Any CPU
		{1B5A4BF5-F211-40E3-A827-CCAD17193DAA}.Debug|x86.Build.0 = Debug|Any CPU
		{1B5A4BF5-F211-40E3-A827-CCAD17193DAA}.Release|Any CPU.ActiveCfg = Release|Any CPU
		{1B5A4BF5-F211-40E3-A827-CCAD17193DAA}.Release|Any CPU.Build.0 = Release|Any CPU
		{1B5A4BF5-F211-40E3-A827-CCAD17193DAA}.Release|x64.ActiveCfg = Release|Any CPU
		{1B5A4BF5-F211-40E3-A827-CCAD17193DAA}.Release|x64.Build.0 = Release|Any CPU
		{1B5A4BF5-F211-40E3-A827-CCAD17193DAA}.Release|x86.ActiveCfg = Release|Any CPU
		{1B5A4BF5-F211-40E3-A827-CCAD17193DAA}.Release|x86.Build.0 = Release|Any CPU
		{AAC16871-8E32-431C-AA59-3ED42002D245}.Debug|Any CPU.ActiveCfg = Debug|Any CPU
		{AAC16871-8E32-431C-AA59-3ED42002D245}.Debug|Any CPU.Build.0 = Debug|Any CPU
		{AAC16871-8E32-431C-AA59-3ED42002D245}.Debug|x64.ActiveCfg = Debug|Any CPU
		{AAC16871-8E32-431C-AA59-3ED42002D245}.Debug|x64.Build.0 = Debug|Any CPU
		{AAC16871-8E32-431C-AA59-3ED42002D245}.Debug|x86.ActiveCfg = Debug|Any CPU
		{AAC16871-8E32-431C-AA59-3ED42002D245}.Debug|x86.Build.0 = Debug|Any CPU
		{AAC16871-8E32-431C-AA59-3ED42002D245}.Release|Any CPU.ActiveCfg = Release|Any CPU
		{AAC16871-8E32-431C-AA59-3ED42002D245}.Release|Any CPU.Build.0 = Release|Any CPU
		{AAC16871-8E32-431C-AA59-3ED42002D245}.Release|x64.ActiveCfg = Release|Any CPU
		{AAC16871-8E32-431C-AA59-3ED42002D245}.Release|x64.Build.0 = Release|Any CPU
		{AAC16871-8E32-431C-AA59-3ED42002D245}.Release|x86.ActiveCfg = Release|Any CPU
		{AAC16871-8E32-431C-AA59-3ED42002D245}.Release|x86.Build.0 = Release|Any CPU
		{45444315-B7F2-4ECC-8CE4-143596BB2D49}.Debug|Any CPU.ActiveCfg = Debug|Any CPU
		{45444315-B7F2-4ECC-8CE4-143596BB2D49}.Debug|Any CPU.Build.0 = Debug|Any CPU
		{45444315-B7F2-4ECC-8CE4-143596BB2D49}.Debug|x64.ActiveCfg = Debug|Any CPU
		{45444315-B7F2-4ECC-8CE4-143596BB2D49}.Debug|x64.Build.0 = Debug|Any CPU
		{45444315-B7F2-4ECC-8CE4-143596BB2D49}.Debug|x86.ActiveCfg = Debug|Any CPU
		{45444315-B7F2-4ECC-8CE4-143596BB2D49}.Debug|x86.Build.0 = Debug|Any CPU
		{45444315-B7F2-4ECC-8CE4-143596BB2D49}.Release|Any CPU.ActiveCfg = Release|Any CPU
		{45444315-B7F2-4ECC-8CE4-143596BB2D49}.Release|Any CPU.Build.0 = Release|Any CPU
		{45444315-B7F2-4ECC-8CE4-143596BB2D49}.Release|x64.ActiveCfg = Release|Any CPU
		{45444315-B7F2-4ECC-8CE4-143596BB2D49}.Release|x64.Build.0 = Release|Any CPU
		{45444315-B7F2-4ECC-8CE4-143596BB2D49}.Release|x86.ActiveCfg = Release|Any CPU
		{45444315-B7F2-4ECC-8CE4-143596BB2D49}.Release|x86.Build.0 = Release|Any CPU
		{4783660C-345B-4781-9C17-7C37EF5DFF74}.Debug|Any CPU.ActiveCfg = Debug|Any CPU
		{4783660C-345B-4781-9C17-7C37EF5DFF74}.Debug|Any CPU.Build.0 = Debug|Any CPU
		{4783660C-345B-4781-9C17-7C37EF5DFF74}.Debug|x64.ActiveCfg = Debug|Any CPU
		{4783660C-345B-4781-9C17-7C37EF5DFF74}.Debug|x64.Build.0 = Debug|Any CPU
		{4783660C-345B-4781-9C17-7C37EF5DFF74}.Debug|x86.ActiveCfg = Debug|Any CPU
		{4783660C-345B-4781-9C17-7C37EF5DFF74}.Debug|x86.Build.0 = Debug|Any CPU
		{4783660C-345B-4781-9C17-7C37EF5DFF74}.Release|Any CPU.ActiveCfg = Release|Any CPU
		{4783660C-345B-4781-9C17-7C37EF5DFF74}.Release|Any CPU.Build.0 = Release|Any CPU
		{4783660C-345B-4781-9C17-7C37EF5DFF74}.Release|x64.ActiveCfg = Release|Any CPU
		{4783660C-345B-4781-9C17-7C37EF5DFF74}.Release|x64.Build.0 = Release|Any CPU
		{4783660C-345B-4781-9C17-7C37EF5DFF74}.Release|x86.ActiveCfg = Release|Any CPU
		{4783660C-345B-4781-9C17-7C37EF5DFF74}.Release|x86.Build.0 = Release|Any CPU
		{CDD888BD-9331-44E0-AA3F-A68765F01CFB}.Debug|Any CPU.ActiveCfg = Debug|Any CPU
		{CDD888BD-9331-44E0-AA3F-A68765F01CFB}.Debug|Any CPU.Build.0 = Debug|Any CPU
		{CDD888BD-9331-44E0-AA3F-A68765F01CFB}.Debug|x64.ActiveCfg = Debug|Any CPU
		{CDD888BD-9331-44E0-AA3F-A68765F01CFB}.Debug|x64.Build.0 = Debug|Any CPU
		{CDD888BD-9331-44E0-AA3F-A68765F01CFB}.Debug|x86.ActiveCfg = Debug|Any CPU
		{CDD888BD-9331-44E0-AA3F-A68765F01CFB}.Debug|x86.Build.0 = Debug|Any CPU
		{CDD888BD-9331-44E0-AA3F-A68765F01CFB}.Release|Any CPU.ActiveCfg = Release|Any CPU
		{CDD888BD-9331-44E0-AA3F-A68765F01CFB}.Release|Any CPU.Build.0 = Release|Any CPU
		{CDD888BD-9331-44E0-AA3F-A68765F01CFB}.Release|x64.ActiveCfg = Release|Any CPU
		{CDD888BD-9331-44E0-AA3F-A68765F01CFB}.Release|x64.Build.0 = Release|Any CPU
		{CDD888BD-9331-44E0-AA3F-A68765F01CFB}.Release|x86.ActiveCfg = Release|Any CPU
		{CDD888BD-9331-44E0-AA3F-A68765F01CFB}.Release|x86.Build.0 = Release|Any CPU
		{A3305F42-1A7F-4763-9408-6E84BDE03EBF}.Debug|Any CPU.ActiveCfg = Debug|Any CPU
		{A3305F42-1A7F-4763-9408-6E84BDE03EBF}.Debug|Any CPU.Build.0 = Debug|Any CPU
		{A3305F42-1A7F-4763-9408-6E84BDE03EBF}.Debug|x64.ActiveCfg = Debug|Any CPU
		{A3305F42-1A7F-4763-9408-6E84BDE03EBF}.Debug|x64.Build.0 = Debug|Any CPU
		{A3305F42-1A7F-4763-9408-6E84BDE03EBF}.Debug|x86.ActiveCfg = Debug|Any CPU
		{A3305F42-1A7F-4763-9408-6E84BDE03EBF}.Debug|x86.Build.0 = Debug|Any CPU
		{A3305F42-1A7F-4763-9408-6E84BDE03EBF}.Release|Any CPU.ActiveCfg = Release|Any CPU
		{A3305F42-1A7F-4763-9408-6E84BDE03EBF}.Release|Any CPU.Build.0 = Release|Any CPU
		{A3305F42-1A7F-4763-9408-6E84BDE03EBF}.Release|x64.ActiveCfg = Release|Any CPU
		{A3305F42-1A7F-4763-9408-6E84BDE03EBF}.Release|x64.Build.0 = Release|Any CPU
		{A3305F42-1A7F-4763-9408-6E84BDE03EBF}.Release|x86.ActiveCfg = Release|Any CPU
		{A3305F42-1A7F-4763-9408-6E84BDE03EBF}.Release|x86.Build.0 = Release|Any CPU
		{4E79C8BE-7EE7-4704-9353-CF9F00C4000E}.Debug|Any CPU.ActiveCfg = Debug|Any CPU
		{4E79C8BE-7EE7-4704-9353-CF9F00C4000E}.Debug|Any CPU.Build.0 = Debug|Any CPU
		{4E79C8BE-7EE7-4704-9353-CF9F00C4000E}.Debug|x64.ActiveCfg = Debug|Any CPU
		{4E79C8BE-7EE7-4704-9353-CF9F00C4000E}.Debug|x64.Build.0 = Debug|Any CPU
		{4E79C8BE-7EE7-4704-9353-CF9F00C4000E}.Debug|x86.ActiveCfg = Debug|Any CPU
		{4E79C8BE-7EE7-4704-9353-CF9F00C4000E}.Debug|x86.Build.0 = Debug|Any CPU
		{4E79C8BE-7EE7-4704-9353-CF9F00C4000E}.Release|Any CPU.ActiveCfg = Release|Any CPU
		{4E79C8BE-7EE7-4704-9353-CF9F00C4000E}.Release|Any CPU.Build.0 = Release|Any CPU
		{4E79C8BE-7EE7-4704-9353-CF9F00C4000E}.Release|x64.ActiveCfg = Release|Any CPU
		{4E79C8BE-7EE7-4704-9353-CF9F00C4000E}.Release|x64.Build.0 = Release|Any CPU
		{4E79C8BE-7EE7-4704-9353-CF9F00C4000E}.Release|x86.ActiveCfg = Release|Any CPU
		{4E79C8BE-7EE7-4704-9353-CF9F00C4000E}.Release|x86.Build.0 = Release|Any CPU
		{F200AC78-52D0-4887-9C2B-DB6571B4FFC0}.Debug|Any CPU.ActiveCfg = Debug|Any CPU
		{F200AC78-52D0-4887-9C2B-DB6571B4FFC0}.Debug|Any CPU.Build.0 = Debug|Any CPU
		{F200AC78-52D0-4887-9C2B-DB6571B4FFC0}.Debug|x64.ActiveCfg = Debug|Any CPU
		{F200AC78-52D0-4887-9C2B-DB6571B4FFC0}.Debug|x64.Build.0 = Debug|Any CPU
		{F200AC78-52D0-4887-9C2B-DB6571B4FFC0}.Debug|x86.ActiveCfg = Debug|Any CPU
		{F200AC78-52D0-4887-9C2B-DB6571B4FFC0}.Debug|x86.Build.0 = Debug|Any CPU
		{F200AC78-52D0-4887-9C2B-DB6571B4FFC0}.Release|Any CPU.ActiveCfg = Release|Any CPU
		{F200AC78-52D0-4887-9C2B-DB6571B4FFC0}.Release|Any CPU.Build.0 = Release|Any CPU
		{F200AC78-52D0-4887-9C2B-DB6571B4FFC0}.Release|x64.ActiveCfg = Release|Any CPU
		{F200AC78-52D0-4887-9C2B-DB6571B4FFC0}.Release|x64.Build.0 = Release|Any CPU
		{F200AC78-52D0-4887-9C2B-DB6571B4FFC0}.Release|x86.ActiveCfg = Release|Any CPU
		{F200AC78-52D0-4887-9C2B-DB6571B4FFC0}.Release|x86.Build.0 = Release|Any CPU
		{0989B2A0-1A4D-46D6-BA97-8E488864B547}.Debug|Any CPU.ActiveCfg = Debug|Any CPU
		{0989B2A0-1A4D-46D6-BA97-8E488864B547}.Debug|Any CPU.Build.0 = Debug|Any CPU
		{0989B2A0-1A4D-46D6-BA97-8E488864B547}.Debug|x64.ActiveCfg = Debug|Any CPU
		{0989B2A0-1A4D-46D6-BA97-8E488864B547}.Debug|x64.Build.0 = Debug|Any CPU
		{0989B2A0-1A4D-46D6-BA97-8E488864B547}.Debug|x86.ActiveCfg = Debug|Any CPU
		{0989B2A0-1A4D-46D6-BA97-8E488864B547}.Debug|x86.Build.0 = Debug|Any CPU
		{0989B2A0-1A4D-46D6-BA97-8E488864B547}.Release|Any CPU.ActiveCfg = Release|Any CPU
		{0989B2A0-1A4D-46D6-BA97-8E488864B547}.Release|Any CPU.Build.0 = Release|Any CPU
		{0989B2A0-1A4D-46D6-BA97-8E488864B547}.Release|x64.ActiveCfg = Release|Any CPU
		{0989B2A0-1A4D-46D6-BA97-8E488864B547}.Release|x64.Build.0 = Release|Any CPU
		{0989B2A0-1A4D-46D6-BA97-8E488864B547}.Release|x86.ActiveCfg = Release|Any CPU
		{0989B2A0-1A4D-46D6-BA97-8E488864B547}.Release|x86.Build.0 = Release|Any CPU
		{E943437A-A567-4352-82EE-5B3D2C475A50}.Debug|Any CPU.ActiveCfg = Debug|Any CPU
		{E943437A-A567-4352-82EE-5B3D2C475A50}.Debug|Any CPU.Build.0 = Debug|Any CPU
		{E943437A-A567-4352-82EE-5B3D2C475A50}.Debug|x64.ActiveCfg = Debug|Any CPU
		{E943437A-A567-4352-82EE-5B3D2C475A50}.Debug|x64.Build.0 = Debug|Any CPU
		{E943437A-A567-4352-82EE-5B3D2C475A50}.Debug|x86.ActiveCfg = Debug|Any CPU
		{E943437A-A567-4352-82EE-5B3D2C475A50}.Debug|x86.Build.0 = Debug|Any CPU
		{E943437A-A567-4352-82EE-5B3D2C475A50}.Release|Any CPU.ActiveCfg = Release|Any CPU
		{E943437A-A567-4352-82EE-5B3D2C475A50}.Release|Any CPU.Build.0 = Release|Any CPU
		{E943437A-A567-4352-82EE-5B3D2C475A50}.Release|x64.ActiveCfg = Release|Any CPU
		{E943437A-A567-4352-82EE-5B3D2C475A50}.Release|x64.Build.0 = Release|Any CPU
		{E943437A-A567-4352-82EE-5B3D2C475A50}.Release|x86.ActiveCfg = Release|Any CPU
		{E943437A-A567-4352-82EE-5B3D2C475A50}.Release|x86.Build.0 = Release|Any CPU
		{A25B9DEF-7550-477F-ACE2-572CF0586AA7}.Debug|Any CPU.ActiveCfg = Debug|Any CPU
		{A25B9DEF-7550-477F-ACE2-572CF0586AA7}.Debug|Any CPU.Build.0 = Debug|Any CPU
		{A25B9DEF-7550-477F-ACE2-572CF0586AA7}.Debug|x64.ActiveCfg = Debug|Any CPU
		{A25B9DEF-7550-477F-ACE2-572CF0586AA7}.Debug|x64.Build.0 = Debug|Any CPU
		{A25B9DEF-7550-477F-ACE2-572CF0586AA7}.Debug|x86.ActiveCfg = Debug|Any CPU
		{A25B9DEF-7550-477F-ACE2-572CF0586AA7}.Debug|x86.Build.0 = Debug|Any CPU
		{A25B9DEF-7550-477F-ACE2-572CF0586AA7}.Release|Any CPU.ActiveCfg = Release|Any CPU
		{A25B9DEF-7550-477F-ACE2-572CF0586AA7}.Release|Any CPU.Build.0 = Release|Any CPU
		{A25B9DEF-7550-477F-ACE2-572CF0586AA7}.Release|x64.ActiveCfg = Release|Any CPU
		{A25B9DEF-7550-477F-ACE2-572CF0586AA7}.Release|x64.Build.0 = Release|Any CPU
		{A25B9DEF-7550-477F-ACE2-572CF0586AA7}.Release|x86.ActiveCfg = Release|Any CPU
		{A25B9DEF-7550-477F-ACE2-572CF0586AA7}.Release|x86.Build.0 = Release|Any CPU
		{2843159C-4D62-4BE3-9397-BDB635C92230}.Debug|Any CPU.ActiveCfg = Debug|Any CPU
		{2843159C-4D62-4BE3-9397-BDB635C92230}.Debug|Any CPU.Build.0 = Debug|Any CPU
		{2843159C-4D62-4BE3-9397-BDB635C92230}.Debug|x64.ActiveCfg = Debug|Any CPU
		{2843159C-4D62-4BE3-9397-BDB635C92230}.Debug|x64.Build.0 = Debug|Any CPU
		{2843159C-4D62-4BE3-9397-BDB635C92230}.Debug|x86.ActiveCfg = Debug|Any CPU
		{2843159C-4D62-4BE3-9397-BDB635C92230}.Debug|x86.Build.0 = Debug|Any CPU
		{2843159C-4D62-4BE3-9397-BDB635C92230}.Release|Any CPU.ActiveCfg = Release|Any CPU
		{2843159C-4D62-4BE3-9397-BDB635C92230}.Release|Any CPU.Build.0 = Release|Any CPU
		{2843159C-4D62-4BE3-9397-BDB635C92230}.Release|x64.ActiveCfg = Release|Any CPU
		{2843159C-4D62-4BE3-9397-BDB635C92230}.Release|x64.Build.0 = Release|Any CPU
		{2843159C-4D62-4BE3-9397-BDB635C92230}.Release|x86.ActiveCfg = Release|Any CPU
		{2843159C-4D62-4BE3-9397-BDB635C92230}.Release|x86.Build.0 = Release|Any CPU
		{4B97581C-98AC-4CD6-982C-8BB921B10DE3}.Debug|Any CPU.ActiveCfg = Debug|Any CPU
		{4B97581C-98AC-4CD6-982C-8BB921B10DE3}.Debug|Any CPU.Build.0 = Debug|Any CPU
		{4B97581C-98AC-4CD6-982C-8BB921B10DE3}.Debug|x64.ActiveCfg = Debug|Any CPU
		{4B97581C-98AC-4CD6-982C-8BB921B10DE3}.Debug|x64.Build.0 = Debug|Any CPU
		{4B97581C-98AC-4CD6-982C-8BB921B10DE3}.Debug|x86.ActiveCfg = Debug|Any CPU
		{4B97581C-98AC-4CD6-982C-8BB921B10DE3}.Debug|x86.Build.0 = Debug|Any CPU
		{4B97581C-98AC-4CD6-982C-8BB921B10DE3}.Release|Any CPU.ActiveCfg = Release|Any CPU
		{4B97581C-98AC-4CD6-982C-8BB921B10DE3}.Release|Any CPU.Build.0 = Release|Any CPU
		{4B97581C-98AC-4CD6-982C-8BB921B10DE3}.Release|x64.ActiveCfg = Release|Any CPU
		{4B97581C-98AC-4CD6-982C-8BB921B10DE3}.Release|x64.Build.0 = Release|Any CPU
		{4B97581C-98AC-4CD6-982C-8BB921B10DE3}.Release|x86.ActiveCfg = Release|Any CPU
		{4B97581C-98AC-4CD6-982C-8BB921B10DE3}.Release|x86.Build.0 = Release|Any CPU
		{6D519DA6-A10B-40C3-B3AD-AF87D3E7F002}.Debug|Any CPU.ActiveCfg = Debug|Any CPU
		{6D519DA6-A10B-40C3-B3AD-AF87D3E7F002}.Debug|Any CPU.Build.0 = Debug|Any CPU
		{6D519DA6-A10B-40C3-B3AD-AF87D3E7F002}.Debug|x64.ActiveCfg = Debug|Any CPU
		{6D519DA6-A10B-40C3-B3AD-AF87D3E7F002}.Debug|x64.Build.0 = Debug|Any CPU
		{6D519DA6-A10B-40C3-B3AD-AF87D3E7F002}.Debug|x86.ActiveCfg = Debug|Any CPU
		{6D519DA6-A10B-40C3-B3AD-AF87D3E7F002}.Debug|x86.Build.0 = Debug|Any CPU
		{6D519DA6-A10B-40C3-B3AD-AF87D3E7F002}.Release|Any CPU.ActiveCfg = Release|Any CPU
		{6D519DA6-A10B-40C3-B3AD-AF87D3E7F002}.Release|Any CPU.Build.0 = Release|Any CPU
		{6D519DA6-A10B-40C3-B3AD-AF87D3E7F002}.Release|x64.ActiveCfg = Release|Any CPU
		{6D519DA6-A10B-40C3-B3AD-AF87D3E7F002}.Release|x64.Build.0 = Release|Any CPU
		{6D519DA6-A10B-40C3-B3AD-AF87D3E7F002}.Release|x86.ActiveCfg = Release|Any CPU
		{6D519DA6-A10B-40C3-B3AD-AF87D3E7F002}.Release|x86.Build.0 = Release|Any CPU
		{8AC64002-BF2F-4DC8-8869-118ED5DC75E3}.Debug|Any CPU.ActiveCfg = Debug|Any CPU
		{8AC64002-BF2F-4DC8-8869-118ED5DC75E3}.Debug|Any CPU.Build.0 = Debug|Any CPU
		{8AC64002-BF2F-4DC8-8869-118ED5DC75E3}.Debug|x64.ActiveCfg = Debug|Any CPU
		{8AC64002-BF2F-4DC8-8869-118ED5DC75E3}.Debug|x64.Build.0 = Debug|Any CPU
		{8AC64002-BF2F-4DC8-8869-118ED5DC75E3}.Debug|x86.ActiveCfg = Debug|Any CPU
		{8AC64002-BF2F-4DC8-8869-118ED5DC75E3}.Debug|x86.Build.0 = Debug|Any CPU
		{8AC64002-BF2F-4DC8-8869-118ED5DC75E3}.Release|Any CPU.ActiveCfg = Release|Any CPU
		{8AC64002-BF2F-4DC8-8869-118ED5DC75E3}.Release|Any CPU.Build.0 = Release|Any CPU
		{8AC64002-BF2F-4DC8-8869-118ED5DC75E3}.Release|x64.ActiveCfg = Release|Any CPU
		{8AC64002-BF2F-4DC8-8869-118ED5DC75E3}.Release|x64.Build.0 = Release|Any CPU
		{8AC64002-BF2F-4DC8-8869-118ED5DC75E3}.Release|x86.ActiveCfg = Release|Any CPU
		{8AC64002-BF2F-4DC8-8869-118ED5DC75E3}.Release|x86.Build.0 = Release|Any CPU
		{A574D464-BF45-4185-A5E5-614889CF66E7}.Debug|Any CPU.ActiveCfg = Debug|Any CPU
		{A574D464-BF45-4185-A5E5-614889CF66E7}.Debug|Any CPU.Build.0 = Debug|Any CPU
		{A574D464-BF45-4185-A5E5-614889CF66E7}.Debug|x64.ActiveCfg = Debug|Any CPU
		{A574D464-BF45-4185-A5E5-614889CF66E7}.Debug|x64.Build.0 = Debug|Any CPU
		{A574D464-BF45-4185-A5E5-614889CF66E7}.Debug|x86.ActiveCfg = Debug|Any CPU
		{A574D464-BF45-4185-A5E5-614889CF66E7}.Debug|x86.Build.0 = Debug|Any CPU
		{A574D464-BF45-4185-A5E5-614889CF66E7}.Release|Any CPU.ActiveCfg = Release|Any CPU
		{A574D464-BF45-4185-A5E5-614889CF66E7}.Release|Any CPU.Build.0 = Release|Any CPU
		{A574D464-BF45-4185-A5E5-614889CF66E7}.Release|x64.ActiveCfg = Release|Any CPU
		{A574D464-BF45-4185-A5E5-614889CF66E7}.Release|x64.Build.0 = Release|Any CPU
		{A574D464-BF45-4185-A5E5-614889CF66E7}.Release|x86.ActiveCfg = Release|Any CPU
		{A574D464-BF45-4185-A5E5-614889CF66E7}.Release|x86.Build.0 = Release|Any CPU
		{9FF47C9B-747E-4585-9245-ABE355D48019}.Debug|Any CPU.ActiveCfg = Debug|Any CPU
		{9FF47C9B-747E-4585-9245-ABE355D48019}.Debug|Any CPU.Build.0 = Debug|Any CPU
		{9FF47C9B-747E-4585-9245-ABE355D48019}.Debug|x64.ActiveCfg = Debug|Any CPU
		{9FF47C9B-747E-4585-9245-ABE355D48019}.Debug|x64.Build.0 = Debug|Any CPU
		{9FF47C9B-747E-4585-9245-ABE355D48019}.Debug|x86.ActiveCfg = Debug|Any CPU
		{9FF47C9B-747E-4585-9245-ABE355D48019}.Debug|x86.Build.0 = Debug|Any CPU
		{9FF47C9B-747E-4585-9245-ABE355D48019}.Release|Any CPU.ActiveCfg = Release|Any CPU
		{9FF47C9B-747E-4585-9245-ABE355D48019}.Release|Any CPU.Build.0 = Release|Any CPU
		{9FF47C9B-747E-4585-9245-ABE355D48019}.Release|x64.ActiveCfg = Release|Any CPU
		{9FF47C9B-747E-4585-9245-ABE355D48019}.Release|x64.Build.0 = Release|Any CPU
		{9FF47C9B-747E-4585-9245-ABE355D48019}.Release|x86.ActiveCfg = Release|Any CPU
		{9FF47C9B-747E-4585-9245-ABE355D48019}.Release|x86.Build.0 = Release|Any CPU
		{317D236A-1BA6-4C35-B4AD-D0E3CE61C148}.Debug|Any CPU.ActiveCfg = Debug|Any CPU
		{317D236A-1BA6-4C35-B4AD-D0E3CE61C148}.Debug|Any CPU.Build.0 = Debug|Any CPU
		{317D236A-1BA6-4C35-B4AD-D0E3CE61C148}.Debug|x64.ActiveCfg = Debug|Any CPU
		{317D236A-1BA6-4C35-B4AD-D0E3CE61C148}.Debug|x64.Build.0 = Debug|Any CPU
		{317D236A-1BA6-4C35-B4AD-D0E3CE61C148}.Debug|x86.ActiveCfg = Debug|Any CPU
		{317D236A-1BA6-4C35-B4AD-D0E3CE61C148}.Debug|x86.Build.0 = Debug|Any CPU
		{317D236A-1BA6-4C35-B4AD-D0E3CE61C148}.Release|Any CPU.ActiveCfg = Release|Any CPU
		{317D236A-1BA6-4C35-B4AD-D0E3CE61C148}.Release|Any CPU.Build.0 = Release|Any CPU
		{317D236A-1BA6-4C35-B4AD-D0E3CE61C148}.Release|x64.ActiveCfg = Release|Any CPU
		{317D236A-1BA6-4C35-B4AD-D0E3CE61C148}.Release|x64.Build.0 = Release|Any CPU
		{317D236A-1BA6-4C35-B4AD-D0E3CE61C148}.Release|x86.ActiveCfg = Release|Any CPU
		{317D236A-1BA6-4C35-B4AD-D0E3CE61C148}.Release|x86.Build.0 = Release|Any CPU
		{86C9A88C-8213-4704-BB17-E33EA302B226}.Debug|Any CPU.ActiveCfg = Debug|Any CPU
		{86C9A88C-8213-4704-BB17-E33EA302B226}.Debug|Any CPU.Build.0 = Debug|Any CPU
		{86C9A88C-8213-4704-BB17-E33EA302B226}.Debug|x64.ActiveCfg = Debug|Any CPU
		{86C9A88C-8213-4704-BB17-E33EA302B226}.Debug|x64.Build.0 = Debug|Any CPU
		{86C9A88C-8213-4704-BB17-E33EA302B226}.Debug|x86.ActiveCfg = Debug|Any CPU
		{86C9A88C-8213-4704-BB17-E33EA302B226}.Debug|x86.Build.0 = Debug|Any CPU
		{86C9A88C-8213-4704-BB17-E33EA302B226}.Release|Any CPU.ActiveCfg = Release|Any CPU
		{86C9A88C-8213-4704-BB17-E33EA302B226}.Release|Any CPU.Build.0 = Release|Any CPU
		{86C9A88C-8213-4704-BB17-E33EA302B226}.Release|x64.ActiveCfg = Release|Any CPU
		{86C9A88C-8213-4704-BB17-E33EA302B226}.Release|x64.Build.0 = Release|Any CPU
		{86C9A88C-8213-4704-BB17-E33EA302B226}.Release|x86.ActiveCfg = Release|Any CPU
		{86C9A88C-8213-4704-BB17-E33EA302B226}.Release|x86.Build.0 = Release|Any CPU
		{469372BF-E68A-4CF5-BBE2-164B9BFD1F55}.Debug|Any CPU.ActiveCfg = Debug|Any CPU
		{469372BF-E68A-4CF5-BBE2-164B9BFD1F55}.Debug|Any CPU.Build.0 = Debug|Any CPU
		{469372BF-E68A-4CF5-BBE2-164B9BFD1F55}.Debug|x64.ActiveCfg = Debug|Any CPU
		{469372BF-E68A-4CF5-BBE2-164B9BFD1F55}.Debug|x64.Build.0 = Debug|Any CPU
		{469372BF-E68A-4CF5-BBE2-164B9BFD1F55}.Debug|x86.ActiveCfg = Debug|Any CPU
		{469372BF-E68A-4CF5-BBE2-164B9BFD1F55}.Debug|x86.Build.0 = Debug|Any CPU
		{469372BF-E68A-4CF5-BBE2-164B9BFD1F55}.Release|Any CPU.ActiveCfg = Release|Any CPU
		{469372BF-E68A-4CF5-BBE2-164B9BFD1F55}.Release|Any CPU.Build.0 = Release|Any CPU
		{469372BF-E68A-4CF5-BBE2-164B9BFD1F55}.Release|x64.ActiveCfg = Release|Any CPU
		{469372BF-E68A-4CF5-BBE2-164B9BFD1F55}.Release|x64.Build.0 = Release|Any CPU
		{469372BF-E68A-4CF5-BBE2-164B9BFD1F55}.Release|x86.ActiveCfg = Release|Any CPU
		{469372BF-E68A-4CF5-BBE2-164B9BFD1F55}.Release|x86.Build.0 = Release|Any CPU
		{F8E8F523-1AE5-406A-A801-B476CA3E86B2}.Debug|Any CPU.ActiveCfg = Debug|Any CPU
		{F8E8F523-1AE5-406A-A801-B476CA3E86B2}.Debug|Any CPU.Build.0 = Debug|Any CPU
		{F8E8F523-1AE5-406A-A801-B476CA3E86B2}.Debug|x64.ActiveCfg = Debug|Any CPU
		{F8E8F523-1AE5-406A-A801-B476CA3E86B2}.Debug|x64.Build.0 = Debug|Any CPU
		{F8E8F523-1AE5-406A-A801-B476CA3E86B2}.Debug|x86.ActiveCfg = Debug|Any CPU
		{F8E8F523-1AE5-406A-A801-B476CA3E86B2}.Debug|x86.Build.0 = Debug|Any CPU
		{F8E8F523-1AE5-406A-A801-B476CA3E86B2}.Release|Any CPU.ActiveCfg = Release|Any CPU
		{F8E8F523-1AE5-406A-A801-B476CA3E86B2}.Release|Any CPU.Build.0 = Release|Any CPU
		{F8E8F523-1AE5-406A-A801-B476CA3E86B2}.Release|x64.ActiveCfg = Release|Any CPU
		{F8E8F523-1AE5-406A-A801-B476CA3E86B2}.Release|x64.Build.0 = Release|Any CPU
		{F8E8F523-1AE5-406A-A801-B476CA3E86B2}.Release|x86.ActiveCfg = Release|Any CPU
		{F8E8F523-1AE5-406A-A801-B476CA3E86B2}.Release|x86.Build.0 = Release|Any CPU
		{19F8658B-44C8-4637-B078-B8151F223A9E}.Debug|Any CPU.ActiveCfg = Debug|Any CPU
		{19F8658B-44C8-4637-B078-B8151F223A9E}.Debug|Any CPU.Build.0 = Debug|Any CPU
		{19F8658B-44C8-4637-B078-B8151F223A9E}.Debug|x64.ActiveCfg = Debug|Any CPU
		{19F8658B-44C8-4637-B078-B8151F223A9E}.Debug|x64.Build.0 = Debug|Any CPU
		{19F8658B-44C8-4637-B078-B8151F223A9E}.Debug|x86.ActiveCfg = Debug|Any CPU
		{19F8658B-44C8-4637-B078-B8151F223A9E}.Debug|x86.Build.0 = Debug|Any CPU
		{19F8658B-44C8-4637-B078-B8151F223A9E}.Release|Any CPU.ActiveCfg = Release|Any CPU
		{19F8658B-44C8-4637-B078-B8151F223A9E}.Release|Any CPU.Build.0 = Release|Any CPU
		{19F8658B-44C8-4637-B078-B8151F223A9E}.Release|x64.ActiveCfg = Release|Any CPU
		{19F8658B-44C8-4637-B078-B8151F223A9E}.Release|x64.Build.0 = Release|Any CPU
		{19F8658B-44C8-4637-B078-B8151F223A9E}.Release|x86.ActiveCfg = Release|Any CPU
		{19F8658B-44C8-4637-B078-B8151F223A9E}.Release|x86.Build.0 = Release|Any CPU
		{4F2EEFC9-F470-4260-958E-0DAC6990BB94}.Debug|Any CPU.ActiveCfg = Debug|Any CPU
		{4F2EEFC9-F470-4260-958E-0DAC6990BB94}.Debug|Any CPU.Build.0 = Debug|Any CPU
		{4F2EEFC9-F470-4260-958E-0DAC6990BB94}.Debug|x64.ActiveCfg = Debug|Any CPU
		{4F2EEFC9-F470-4260-958E-0DAC6990BB94}.Debug|x64.Build.0 = Debug|Any CPU
		{4F2EEFC9-F470-4260-958E-0DAC6990BB94}.Debug|x86.ActiveCfg = Debug|Any CPU
		{4F2EEFC9-F470-4260-958E-0DAC6990BB94}.Debug|x86.Build.0 = Debug|Any CPU
		{4F2EEFC9-F470-4260-958E-0DAC6990BB94}.Release|Any CPU.ActiveCfg = Release|Any CPU
		{4F2EEFC9-F470-4260-958E-0DAC6990BB94}.Release|Any CPU.Build.0 = Release|Any CPU
		{4F2EEFC9-F470-4260-958E-0DAC6990BB94}.Release|x64.ActiveCfg = Release|Any CPU
		{4F2EEFC9-F470-4260-958E-0DAC6990BB94}.Release|x64.Build.0 = Release|Any CPU
		{4F2EEFC9-F470-4260-958E-0DAC6990BB94}.Release|x86.ActiveCfg = Release|Any CPU
		{4F2EEFC9-F470-4260-958E-0DAC6990BB94}.Release|x86.Build.0 = Release|Any CPU
		{8D0841FF-EF76-407B-B5F4-D99D9EE60EC2}.Debug|Any CPU.ActiveCfg = Debug|Any CPU
		{8D0841FF-EF76-407B-B5F4-D99D9EE60EC2}.Debug|Any CPU.Build.0 = Debug|Any CPU
		{8D0841FF-EF76-407B-B5F4-D99D9EE60EC2}.Debug|x64.ActiveCfg = Debug|Any CPU
		{8D0841FF-EF76-407B-B5F4-D99D9EE60EC2}.Debug|x64.Build.0 = Debug|Any CPU
		{8D0841FF-EF76-407B-B5F4-D99D9EE60EC2}.Debug|x86.ActiveCfg = Debug|Any CPU
		{8D0841FF-EF76-407B-B5F4-D99D9EE60EC2}.Debug|x86.Build.0 = Debug|Any CPU
		{8D0841FF-EF76-407B-B5F4-D99D9EE60EC2}.Release|Any CPU.ActiveCfg = Release|Any CPU
		{8D0841FF-EF76-407B-B5F4-D99D9EE60EC2}.Release|Any CPU.Build.0 = Release|Any CPU
		{8D0841FF-EF76-407B-B5F4-D99D9EE60EC2}.Release|x64.ActiveCfg = Release|Any CPU
		{8D0841FF-EF76-407B-B5F4-D99D9EE60EC2}.Release|x64.Build.0 = Release|Any CPU
		{8D0841FF-EF76-407B-B5F4-D99D9EE60EC2}.Release|x86.ActiveCfg = Release|Any CPU
		{8D0841FF-EF76-407B-B5F4-D99D9EE60EC2}.Release|x86.Build.0 = Release|Any CPU
		{EB762964-788A-4187-8C28-7E2996F71782}.Debug|Any CPU.ActiveCfg = Debug|Any CPU
		{EB762964-788A-4187-8C28-7E2996F71782}.Debug|Any CPU.Build.0 = Debug|Any CPU
		{EB762964-788A-4187-8C28-7E2996F71782}.Debug|x64.ActiveCfg = Debug|Any CPU
		{EB762964-788A-4187-8C28-7E2996F71782}.Debug|x64.Build.0 = Debug|Any CPU
		{EB762964-788A-4187-8C28-7E2996F71782}.Debug|x86.ActiveCfg = Debug|Any CPU
		{EB762964-788A-4187-8C28-7E2996F71782}.Debug|x86.Build.0 = Debug|Any CPU
		{EB762964-788A-4187-8C28-7E2996F71782}.Release|Any CPU.ActiveCfg = Release|Any CPU
		{EB762964-788A-4187-8C28-7E2996F71782}.Release|Any CPU.Build.0 = Release|Any CPU
		{EB762964-788A-4187-8C28-7E2996F71782}.Release|x64.ActiveCfg = Release|Any CPU
		{EB762964-788A-4187-8C28-7E2996F71782}.Release|x64.Build.0 = Release|Any CPU
		{EB762964-788A-4187-8C28-7E2996F71782}.Release|x86.ActiveCfg = Release|Any CPU
		{EB762964-788A-4187-8C28-7E2996F71782}.Release|x86.Build.0 = Release|Any CPU
		{82317027-3C3C-40FC-AACE-8C3F6E6F030E}.Debug|Any CPU.ActiveCfg = Debug|Any CPU
		{82317027-3C3C-40FC-AACE-8C3F6E6F030E}.Debug|Any CPU.Build.0 = Debug|Any CPU
		{82317027-3C3C-40FC-AACE-8C3F6E6F030E}.Debug|x64.ActiveCfg = Debug|Any CPU
		{82317027-3C3C-40FC-AACE-8C3F6E6F030E}.Debug|x64.Build.0 = Debug|Any CPU
		{82317027-3C3C-40FC-AACE-8C3F6E6F030E}.Debug|x86.ActiveCfg = Debug|Any CPU
		{82317027-3C3C-40FC-AACE-8C3F6E6F030E}.Debug|x86.Build.0 = Debug|Any CPU
		{82317027-3C3C-40FC-AACE-8C3F6E6F030E}.Release|Any CPU.ActiveCfg = Release|Any CPU
		{82317027-3C3C-40FC-AACE-8C3F6E6F030E}.Release|Any CPU.Build.0 = Release|Any CPU
		{82317027-3C3C-40FC-AACE-8C3F6E6F030E}.Release|x64.ActiveCfg = Release|Any CPU
		{82317027-3C3C-40FC-AACE-8C3F6E6F030E}.Release|x64.Build.0 = Release|Any CPU
		{82317027-3C3C-40FC-AACE-8C3F6E6F030E}.Release|x86.ActiveCfg = Release|Any CPU
		{82317027-3C3C-40FC-AACE-8C3F6E6F030E}.Release|x86.Build.0 = Release|Any CPU
		{0C97A2B3-E8CE-4214-80BD-53B4E55A132A}.Debug|Any CPU.ActiveCfg = Debug|Any CPU
		{0C97A2B3-E8CE-4214-80BD-53B4E55A132A}.Debug|Any CPU.Build.0 = Debug|Any CPU
		{0C97A2B3-E8CE-4214-80BD-53B4E55A132A}.Debug|x64.ActiveCfg = Debug|Any CPU
		{0C97A2B3-E8CE-4214-80BD-53B4E55A132A}.Debug|x64.Build.0 = Debug|Any CPU
		{0C97A2B3-E8CE-4214-80BD-53B4E55A132A}.Debug|x86.ActiveCfg = Debug|Any CPU
		{0C97A2B3-E8CE-4214-80BD-53B4E55A132A}.Debug|x86.Build.0 = Debug|Any CPU
		{0C97A2B3-E8CE-4214-80BD-53B4E55A132A}.Release|Any CPU.ActiveCfg = Release|Any CPU
		{0C97A2B3-E8CE-4214-80BD-53B4E55A132A}.Release|Any CPU.Build.0 = Release|Any CPU
		{0C97A2B3-E8CE-4214-80BD-53B4E55A132A}.Release|x64.ActiveCfg = Release|Any CPU
		{0C97A2B3-E8CE-4214-80BD-53B4E55A132A}.Release|x64.Build.0 = Release|Any CPU
		{0C97A2B3-E8CE-4214-80BD-53B4E55A132A}.Release|x86.ActiveCfg = Release|Any CPU
		{0C97A2B3-E8CE-4214-80BD-53B4E55A132A}.Release|x86.Build.0 = Release|Any CPU
		{F3697C30-972C-4E93-A392-3CCEBE59F6F1}.Debug|Any CPU.ActiveCfg = Debug|Any CPU
		{F3697C30-972C-4E93-A392-3CCEBE59F6F1}.Debug|Any CPU.Build.0 = Debug|Any CPU
		{F3697C30-972C-4E93-A392-3CCEBE59F6F1}.Debug|x64.ActiveCfg = Debug|Any CPU
		{F3697C30-972C-4E93-A392-3CCEBE59F6F1}.Debug|x64.Build.0 = Debug|Any CPU
		{F3697C30-972C-4E93-A392-3CCEBE59F6F1}.Debug|x86.ActiveCfg = Debug|Any CPU
		{F3697C30-972C-4E93-A392-3CCEBE59F6F1}.Debug|x86.Build.0 = Debug|Any CPU
		{F3697C30-972C-4E93-A392-3CCEBE59F6F1}.Release|Any CPU.ActiveCfg = Release|Any CPU
		{F3697C30-972C-4E93-A392-3CCEBE59F6F1}.Release|Any CPU.Build.0 = Release|Any CPU
		{F3697C30-972C-4E93-A392-3CCEBE59F6F1}.Release|x64.ActiveCfg = Release|Any CPU
		{F3697C30-972C-4E93-A392-3CCEBE59F6F1}.Release|x64.Build.0 = Release|Any CPU
		{F3697C30-972C-4E93-A392-3CCEBE59F6F1}.Release|x86.ActiveCfg = Release|Any CPU
		{F3697C30-972C-4E93-A392-3CCEBE59F6F1}.Release|x86.Build.0 = Release|Any CPU
		{71443A5E-7288-4A3B-A887-A4F65F8FE932}.Debug|Any CPU.ActiveCfg = Debug|Any CPU
		{71443A5E-7288-4A3B-A887-A4F65F8FE932}.Debug|Any CPU.Build.0 = Debug|Any CPU
		{71443A5E-7288-4A3B-A887-A4F65F8FE932}.Debug|x64.ActiveCfg = Debug|Any CPU
		{71443A5E-7288-4A3B-A887-A4F65F8FE932}.Debug|x64.Build.0 = Debug|Any CPU
		{71443A5E-7288-4A3B-A887-A4F65F8FE932}.Debug|x86.ActiveCfg = Debug|Any CPU
		{71443A5E-7288-4A3B-A887-A4F65F8FE932}.Debug|x86.Build.0 = Debug|Any CPU
		{71443A5E-7288-4A3B-A887-A4F65F8FE932}.Release|Any CPU.ActiveCfg = Release|Any CPU
		{71443A5E-7288-4A3B-A887-A4F65F8FE932}.Release|Any CPU.Build.0 = Release|Any CPU
		{71443A5E-7288-4A3B-A887-A4F65F8FE932}.Release|x64.ActiveCfg = Release|Any CPU
		{71443A5E-7288-4A3B-A887-A4F65F8FE932}.Release|x64.Build.0 = Release|Any CPU
		{71443A5E-7288-4A3B-A887-A4F65F8FE932}.Release|x86.ActiveCfg = Release|Any CPU
		{71443A5E-7288-4A3B-A887-A4F65F8FE932}.Release|x86.Build.0 = Release|Any CPU
		{A367999C-D770-4265-B09A-7BD568C492FD}.Debug|Any CPU.ActiveCfg = Debug|Any CPU
		{A367999C-D770-4265-B09A-7BD568C492FD}.Debug|Any CPU.Build.0 = Debug|Any CPU
		{A367999C-D770-4265-B09A-7BD568C492FD}.Debug|x64.ActiveCfg = Debug|Any CPU
		{A367999C-D770-4265-B09A-7BD568C492FD}.Debug|x64.Build.0 = Debug|Any CPU
		{A367999C-D770-4265-B09A-7BD568C492FD}.Debug|x86.ActiveCfg = Debug|Any CPU
		{A367999C-D770-4265-B09A-7BD568C492FD}.Debug|x86.Build.0 = Debug|Any CPU
		{A367999C-D770-4265-B09A-7BD568C492FD}.Release|Any CPU.ActiveCfg = Release|Any CPU
		{A367999C-D770-4265-B09A-7BD568C492FD}.Release|Any CPU.Build.0 = Release|Any CPU
		{A367999C-D770-4265-B09A-7BD568C492FD}.Release|x64.ActiveCfg = Release|Any CPU
		{A367999C-D770-4265-B09A-7BD568C492FD}.Release|x64.Build.0 = Release|Any CPU
		{A367999C-D770-4265-B09A-7BD568C492FD}.Release|x86.ActiveCfg = Release|Any CPU
		{A367999C-D770-4265-B09A-7BD568C492FD}.Release|x86.Build.0 = Release|Any CPU
		{CA3095F0-EBCB-4069-9393-E90F4E5D1922}.Debug|Any CPU.ActiveCfg = Debug|Any CPU
		{CA3095F0-EBCB-4069-9393-E90F4E5D1922}.Debug|Any CPU.Build.0 = Debug|Any CPU
		{CA3095F0-EBCB-4069-9393-E90F4E5D1922}.Debug|x64.ActiveCfg = Debug|Any CPU
		{CA3095F0-EBCB-4069-9393-E90F4E5D1922}.Debug|x64.Build.0 = Debug|Any CPU
		{CA3095F0-EBCB-4069-9393-E90F4E5D1922}.Debug|x86.ActiveCfg = Debug|Any CPU
		{CA3095F0-EBCB-4069-9393-E90F4E5D1922}.Debug|x86.Build.0 = Debug|Any CPU
		{CA3095F0-EBCB-4069-9393-E90F4E5D1922}.Release|Any CPU.ActiveCfg = Release|Any CPU
		{CA3095F0-EBCB-4069-9393-E90F4E5D1922}.Release|Any CPU.Build.0 = Release|Any CPU
		{CA3095F0-EBCB-4069-9393-E90F4E5D1922}.Release|x64.ActiveCfg = Release|Any CPU
		{CA3095F0-EBCB-4069-9393-E90F4E5D1922}.Release|x64.Build.0 = Release|Any CPU
		{CA3095F0-EBCB-4069-9393-E90F4E5D1922}.Release|x86.ActiveCfg = Release|Any CPU
		{CA3095F0-EBCB-4069-9393-E90F4E5D1922}.Release|x86.Build.0 = Release|Any CPU
		{46B08D49-38EE-4641-9C51-13C0D2B5AE61}.Debug|Any CPU.ActiveCfg = Debug|Any CPU
		{46B08D49-38EE-4641-9C51-13C0D2B5AE61}.Debug|Any CPU.Build.0 = Debug|Any CPU
		{46B08D49-38EE-4641-9C51-13C0D2B5AE61}.Debug|x64.ActiveCfg = Debug|Any CPU
		{46B08D49-38EE-4641-9C51-13C0D2B5AE61}.Debug|x64.Build.0 = Debug|Any CPU
		{46B08D49-38EE-4641-9C51-13C0D2B5AE61}.Debug|x86.ActiveCfg = Debug|Any CPU
		{46B08D49-38EE-4641-9C51-13C0D2B5AE61}.Debug|x86.Build.0 = Debug|Any CPU
		{46B08D49-38EE-4641-9C51-13C0D2B5AE61}.Release|Any CPU.ActiveCfg = Release|Any CPU
		{46B08D49-38EE-4641-9C51-13C0D2B5AE61}.Release|Any CPU.Build.0 = Release|Any CPU
		{46B08D49-38EE-4641-9C51-13C0D2B5AE61}.Release|x64.ActiveCfg = Release|Any CPU
		{46B08D49-38EE-4641-9C51-13C0D2B5AE61}.Release|x64.Build.0 = Release|Any CPU
		{46B08D49-38EE-4641-9C51-13C0D2B5AE61}.Release|x86.ActiveCfg = Release|Any CPU
		{46B08D49-38EE-4641-9C51-13C0D2B5AE61}.Release|x86.Build.0 = Release|Any CPU
		{E7EFE513-1E25-497A-BA14-73939235B96A}.Debug|Any CPU.ActiveCfg = Debug|Any CPU
		{E7EFE513-1E25-497A-BA14-73939235B96A}.Debug|Any CPU.Build.0 = Debug|Any CPU
		{E7EFE513-1E25-497A-BA14-73939235B96A}.Debug|x64.ActiveCfg = Debug|Any CPU
		{E7EFE513-1E25-497A-BA14-73939235B96A}.Debug|x64.Build.0 = Debug|Any CPU
		{E7EFE513-1E25-497A-BA14-73939235B96A}.Debug|x86.ActiveCfg = Debug|Any CPU
		{E7EFE513-1E25-497A-BA14-73939235B96A}.Debug|x86.Build.0 = Debug|Any CPU
		{E7EFE513-1E25-497A-BA14-73939235B96A}.Release|Any CPU.ActiveCfg = Release|Any CPU
		{E7EFE513-1E25-497A-BA14-73939235B96A}.Release|Any CPU.Build.0 = Release|Any CPU
		{E7EFE513-1E25-497A-BA14-73939235B96A}.Release|x64.ActiveCfg = Release|Any CPU
		{E7EFE513-1E25-497A-BA14-73939235B96A}.Release|x64.Build.0 = Release|Any CPU
		{E7EFE513-1E25-497A-BA14-73939235B96A}.Release|x86.ActiveCfg = Release|Any CPU
		{E7EFE513-1E25-497A-BA14-73939235B96A}.Release|x86.Build.0 = Release|Any CPU
		{8F36DCCD-EE78-4196-ADE2-F0460D7F9426}.Debug|Any CPU.ActiveCfg = Debug|Any CPU
		{8F36DCCD-EE78-4196-ADE2-F0460D7F9426}.Debug|Any CPU.Build.0 = Debug|Any CPU
		{8F36DCCD-EE78-4196-ADE2-F0460D7F9426}.Debug|x64.ActiveCfg = Debug|Any CPU
		{8F36DCCD-EE78-4196-ADE2-F0460D7F9426}.Debug|x64.Build.0 = Debug|Any CPU
		{8F36DCCD-EE78-4196-ADE2-F0460D7F9426}.Debug|x86.ActiveCfg = Debug|Any CPU
		{8F36DCCD-EE78-4196-ADE2-F0460D7F9426}.Debug|x86.Build.0 = Debug|Any CPU
		{8F36DCCD-EE78-4196-ADE2-F0460D7F9426}.Release|Any CPU.ActiveCfg = Release|Any CPU
		{8F36DCCD-EE78-4196-ADE2-F0460D7F9426}.Release|Any CPU.Build.0 = Release|Any CPU
		{8F36DCCD-EE78-4196-ADE2-F0460D7F9426}.Release|x64.ActiveCfg = Release|Any CPU
		{8F36DCCD-EE78-4196-ADE2-F0460D7F9426}.Release|x64.Build.0 = Release|Any CPU
		{8F36DCCD-EE78-4196-ADE2-F0460D7F9426}.Release|x86.ActiveCfg = Release|Any CPU
		{8F36DCCD-EE78-4196-ADE2-F0460D7F9426}.Release|x86.Build.0 = Release|Any CPU
		{A4CE2380-002F-45E9-8781-8F3DB9F501F3}.Debug|Any CPU.ActiveCfg = Debug|Any CPU
		{A4CE2380-002F-45E9-8781-8F3DB9F501F3}.Debug|Any CPU.Build.0 = Debug|Any CPU
		{A4CE2380-002F-45E9-8781-8F3DB9F501F3}.Debug|x64.ActiveCfg = Debug|Any CPU
		{A4CE2380-002F-45E9-8781-8F3DB9F501F3}.Debug|x64.Build.0 = Debug|Any CPU
		{A4CE2380-002F-45E9-8781-8F3DB9F501F3}.Debug|x86.ActiveCfg = Debug|Any CPU
		{A4CE2380-002F-45E9-8781-8F3DB9F501F3}.Debug|x86.Build.0 = Debug|Any CPU
		{A4CE2380-002F-45E9-8781-8F3DB9F501F3}.Release|Any CPU.ActiveCfg = Release|Any CPU
		{A4CE2380-002F-45E9-8781-8F3DB9F501F3}.Release|Any CPU.Build.0 = Release|Any CPU
		{A4CE2380-002F-45E9-8781-8F3DB9F501F3}.Release|x64.ActiveCfg = Release|Any CPU
		{A4CE2380-002F-45E9-8781-8F3DB9F501F3}.Release|x64.Build.0 = Release|Any CPU
		{A4CE2380-002F-45E9-8781-8F3DB9F501F3}.Release|x86.ActiveCfg = Release|Any CPU
		{A4CE2380-002F-45E9-8781-8F3DB9F501F3}.Release|x86.Build.0 = Release|Any CPU
		{A5FD8466-F640-464D-8686-466F1E27E793}.Debug|Any CPU.ActiveCfg = Debug|Any CPU
		{A5FD8466-F640-464D-8686-466F1E27E793}.Debug|Any CPU.Build.0 = Debug|Any CPU
		{A5FD8466-F640-464D-8686-466F1E27E793}.Debug|x64.ActiveCfg = Debug|Any CPU
		{A5FD8466-F640-464D-8686-466F1E27E793}.Debug|x64.Build.0 = Debug|Any CPU
		{A5FD8466-F640-464D-8686-466F1E27E793}.Debug|x86.ActiveCfg = Debug|Any CPU
		{A5FD8466-F640-464D-8686-466F1E27E793}.Debug|x86.Build.0 = Debug|Any CPU
		{A5FD8466-F640-464D-8686-466F1E27E793}.Release|Any CPU.ActiveCfg = Release|Any CPU
		{A5FD8466-F640-464D-8686-466F1E27E793}.Release|Any CPU.Build.0 = Release|Any CPU
		{A5FD8466-F640-464D-8686-466F1E27E793}.Release|x64.ActiveCfg = Release|Any CPU
		{A5FD8466-F640-464D-8686-466F1E27E793}.Release|x64.Build.0 = Release|Any CPU
		{A5FD8466-F640-464D-8686-466F1E27E793}.Release|x86.ActiveCfg = Release|Any CPU
		{A5FD8466-F640-464D-8686-466F1E27E793}.Release|x86.Build.0 = Release|Any CPU
		{D6D06EDA-ACA3-3EC9-4BF3-2FF40E7CA05D}.Debug|Any CPU.ActiveCfg = Debug|Any CPU
		{D6D06EDA-ACA3-3EC9-4BF3-2FF40E7CA05D}.Debug|Any CPU.Build.0 = Debug|Any CPU
		{D6D06EDA-ACA3-3EC9-4BF3-2FF40E7CA05D}.Debug|x64.ActiveCfg = Debug|Any CPU
		{D6D06EDA-ACA3-3EC9-4BF3-2FF40E7CA05D}.Debug|x64.Build.0 = Debug|Any CPU
		{D6D06EDA-ACA3-3EC9-4BF3-2FF40E7CA05D}.Debug|x86.ActiveCfg = Debug|Any CPU
		{D6D06EDA-ACA3-3EC9-4BF3-2FF40E7CA05D}.Debug|x86.Build.0 = Debug|Any CPU
		{D6D06EDA-ACA3-3EC9-4BF3-2FF40E7CA05D}.Release|Any CPU.ActiveCfg = Release|Any CPU
		{D6D06EDA-ACA3-3EC9-4BF3-2FF40E7CA05D}.Release|Any CPU.Build.0 = Release|Any CPU
		{D6D06EDA-ACA3-3EC9-4BF3-2FF40E7CA05D}.Release|x64.ActiveCfg = Release|Any CPU
		{D6D06EDA-ACA3-3EC9-4BF3-2FF40E7CA05D}.Release|x64.Build.0 = Release|Any CPU
		{D6D06EDA-ACA3-3EC9-4BF3-2FF40E7CA05D}.Release|x86.ActiveCfg = Release|Any CPU
		{D6D06EDA-ACA3-3EC9-4BF3-2FF40E7CA05D}.Release|x86.Build.0 = Release|Any CPU
	EndGlobalSection
	GlobalSection(SolutionProperties) = preSolution
		HideSolutionNode = FALSE
	EndGlobalSection
	GlobalSection(NestedProjects) = preSolution
		{9FBFF5B5-5600-4A25-9BA8-AB4FCFB9F9A0} = {762665ED-3A66-4546-AC19-C16D8B1852A6}
		{762665ED-3A66-4546-AC19-C16D8B1852A6} = {36D591C7-65C7-A0D1-1CBC-10CDE441BDC8}
		{17202BA9-3ABE-4C4C-87C8-D212BF962728} = {36D591C7-65C7-A0D1-1CBC-10CDE441BDC8}
		{75E1D020-07AE-41FF-9CB1-418FAB9FDF87} = {36D591C7-65C7-A0D1-1CBC-10CDE441BDC8}
		{546B83D8-DBF4-4887-A0C6-D702A9F7904F} = {75E1D020-07AE-41FF-9CB1-418FAB9FDF87}
		{7B007288-48FF-4D6B-AD5F-A424E42E25D5} = {75E1D020-07AE-41FF-9CB1-418FAB9FDF87}
		{E2390128-8E28-2D10-6CA7-BA26A9F339C6} = {75E1D020-07AE-41FF-9CB1-418FAB9FDF87}
		{9702771C-52F6-93A9-010C-344096BA037B} = {75E1D020-07AE-41FF-9CB1-418FAB9FDF87}
		{2AC32C92-38B5-4078-909D-2C8C9FCCF0A8} = {17202BA9-3ABE-4C4C-87C8-D212BF962728}
		{C552A141-8AE0-4376-8E37-3E1D78467E4D} = {17202BA9-3ABE-4C4C-87C8-D212BF962728}
		{FFF6A2EA-27B5-4475-8796-7FE7624C838D} = {17202BA9-3ABE-4C4C-87C8-D212BF962728}
		{78B25EBE-0EE1-41E0-9BAB-DEDC9D33E538} = {17202BA9-3ABE-4C4C-87C8-D212BF962728}
		{456157F3-653B-4213-AC21-226E9165DF40} = {17202BA9-3ABE-4C4C-87C8-D212BF962728}
		{868002E5-BAFB-4ECD-8A13-01E5AD6B7F78} = {17202BA9-3ABE-4C4C-87C8-D212BF962728}
		{32605350-0D0B-491E-ADC6-C1ECE4053F21} = {17202BA9-3ABE-4C4C-87C8-D212BF962728}
		{6216919F-D5BA-44CF-A7BA-F318641DE7B1} = {17202BA9-3ABE-4C4C-87C8-D212BF962728}
		{23E049E3-6948-4F62-AFCC-BFD5EC114315} = {17202BA9-3ABE-4C4C-87C8-D212BF962728}
		{016AC896-613F-403B-920B-2C8CFAF4776D} = {17202BA9-3ABE-4C4C-87C8-D212BF962728}
		{5320A540-7DC7-4F1A-9C68-F6182B5EEB0B} = {6216919F-D5BA-44CF-A7BA-F318641DE7B1}
		{F6A8AE0C-D682-4A8A-A953-ECD2E658B2CF} = {6216919F-D5BA-44CF-A7BA-F318641DE7B1}
		{D47FD3C8-D1FC-4525-9405-7F35B8EE1B8A} = {6216919F-D5BA-44CF-A7BA-F318641DE7B1}
		{986C9D90-4E8B-4380-ABE3-7E29467A236B} = {6216919F-D5BA-44CF-A7BA-F318641DE7B1}
		{1B5A4BF5-F211-40E3-A827-CCAD17193DAA} = {23E049E3-6948-4F62-AFCC-BFD5EC114315}
		{AAC16871-8E32-431C-AA59-3ED42002D245} = {23E049E3-6948-4F62-AFCC-BFD5EC114315}
		{45444315-B7F2-4ECC-8CE4-143596BB2D49} = {23E049E3-6948-4F62-AFCC-BFD5EC114315}
		{4783660C-345B-4781-9C17-7C37EF5DFF74} = {23E049E3-6948-4F62-AFCC-BFD5EC114315}
		{CDD888BD-9331-44E0-AA3F-A68765F01CFB} = {016AC896-613F-403B-920B-2C8CFAF4776D}
		{A3305F42-1A7F-4763-9408-6E84BDE03EBF} = {016AC896-613F-403B-920B-2C8CFAF4776D}
		{4E79C8BE-7EE7-4704-9353-CF9F00C4000E} = {016AC896-613F-403B-920B-2C8CFAF4776D}
		{F200AC78-52D0-4887-9C2B-DB6571B4FFC0} = {016AC896-613F-403B-920B-2C8CFAF4776D}
		{0989B2A0-1A4D-46D6-BA97-8E488864B547} = {32605350-0D0B-491E-ADC6-C1ECE4053F21}
		{E943437A-A567-4352-82EE-5B3D2C475A50} = {32605350-0D0B-491E-ADC6-C1ECE4053F21}
		{A25B9DEF-7550-477F-ACE2-572CF0586AA7} = {32605350-0D0B-491E-ADC6-C1ECE4053F21}
		{2843159C-4D62-4BE3-9397-BDB635C92230} = {32605350-0D0B-491E-ADC6-C1ECE4053F21}
		{4B97581C-98AC-4CD6-982C-8BB921B10DE3} = {868002E5-BAFB-4ECD-8A13-01E5AD6B7F78}
		{6D519DA6-A10B-40C3-B3AD-AF87D3E7F002} = {868002E5-BAFB-4ECD-8A13-01E5AD6B7F78}
		{8AC64002-BF2F-4DC8-8869-118ED5DC75E3} = {868002E5-BAFB-4ECD-8A13-01E5AD6B7F78}
		{A574D464-BF45-4185-A5E5-614889CF66E7} = {868002E5-BAFB-4ECD-8A13-01E5AD6B7F78}
		{9FF47C9B-747E-4585-9245-ABE355D48019} = {456157F3-653B-4213-AC21-226E9165DF40}
		{317D236A-1BA6-4C35-B4AD-D0E3CE61C148} = {456157F3-653B-4213-AC21-226E9165DF40}
		{86C9A88C-8213-4704-BB17-E33EA302B226} = {456157F3-653B-4213-AC21-226E9165DF40}
		{469372BF-E68A-4CF5-BBE2-164B9BFD1F55} = {456157F3-653B-4213-AC21-226E9165DF40}
		{F8E8F523-1AE5-406A-A801-B476CA3E86B2} = {78B25EBE-0EE1-41E0-9BAB-DEDC9D33E538}
		{19F8658B-44C8-4637-B078-B8151F223A9E} = {78B25EBE-0EE1-41E0-9BAB-DEDC9D33E538}
		{4F2EEFC9-F470-4260-958E-0DAC6990BB94} = {78B25EBE-0EE1-41E0-9BAB-DEDC9D33E538}
		{8D0841FF-EF76-407B-B5F4-D99D9EE60EC2} = {78B25EBE-0EE1-41E0-9BAB-DEDC9D33E538}
		{EB762964-788A-4187-8C28-7E2996F71782} = {FFF6A2EA-27B5-4475-8796-7FE7624C838D}
		{82317027-3C3C-40FC-AACE-8C3F6E6F030E} = {FFF6A2EA-27B5-4475-8796-7FE7624C838D}
		{0C97A2B3-E8CE-4214-80BD-53B4E55A132A} = {FFF6A2EA-27B5-4475-8796-7FE7624C838D}
		{F3697C30-972C-4E93-A392-3CCEBE59F6F1} = {FFF6A2EA-27B5-4475-8796-7FE7624C838D}
		{71443A5E-7288-4A3B-A887-A4F65F8FE932} = {C552A141-8AE0-4376-8E37-3E1D78467E4D}
		{A367999C-D770-4265-B09A-7BD568C492FD} = {C552A141-8AE0-4376-8E37-3E1D78467E4D}
		{CA3095F0-EBCB-4069-9393-E90F4E5D1922} = {C552A141-8AE0-4376-8E37-3E1D78467E4D}
		{46B08D49-38EE-4641-9C51-13C0D2B5AE61} = {C552A141-8AE0-4376-8E37-3E1D78467E4D}
		{E7EFE513-1E25-497A-BA14-73939235B96A} = {2AC32C92-38B5-4078-909D-2C8C9FCCF0A8}
		{8F36DCCD-EE78-4196-ADE2-F0460D7F9426} = {2AC32C92-38B5-4078-909D-2C8C9FCCF0A8}
		{A4CE2380-002F-45E9-8781-8F3DB9F501F3} = {2AC32C92-38B5-4078-909D-2C8C9FCCF0A8}
		{A5FD8466-F640-464D-8686-466F1E27E793} = {2AC32C92-38B5-4078-909D-2C8C9FCCF0A8}
		{795C77A2-A412-4A14-9F38-739D5A307DAA} = {1A39890D-FF75-49A6-AEB8-047A8D8A4996}
		{39E78643-A6F6-4EAE-B4D0-B07419352941} = {795C77A2-A412-4A14-9F38-739D5A307DAA}
		{D6D06EDA-ACA3-3EC9-4BF3-2FF40E7CA05D} = {39E78643-A6F6-4EAE-B4D0-B07419352941}
	EndGlobalSection
	GlobalSection(ExtensibilityGlobals) = postSolution
		SolutionGuid = {E24B4043-FBA7-42EA-AC64-810961F1044F}
	EndGlobalSection
EndGlobal
